# This file is automatically @generated by Cargo.
# It is not intended for manual editing.
version = 3

[[package]]
name = "aarch64-cpu"
version = "9.4.0"
source = "registry+https://github.com/rust-lang/crates.io-index"
checksum = "ac42a04a61c19fc8196dd728022a784baecc5d63d7e256c01ad1b3fbfab26287"
dependencies = [
 "tock-registers",
]

[[package]]
name = "aho-corasick"
version = "1.1.3"
source = "registry+https://github.com/rust-lang/crates.io-index"
checksum = "8e60d3430d3a69478ad0993f19238d2df97c507009a52b3c10addcd7f6bcb916"
dependencies = [
 "memchr",
]

[[package]]
name = "allocator"
version = "0.1.0"
source = "git+https://github.com/Starry-OS/allocator.git#6923b09d2c9d233c7c20629c9f0ab9f120d8ed01"
dependencies = [
 "bitmap-allocator",
 "rlsf",
]

[[package]]
name = "arceos-bwbench"
version = "0.1.0"
dependencies = [
 "axnet",
 "axstd",
]

[[package]]
name = "arceos-display"
version = "0.1.0"
dependencies = [
 "axstd",
 "embedded-graphics",
]

[[package]]
name = "arceos-echoserver"
version = "0.1.0"
dependencies = [
 "axstd",
]

[[package]]
name = "arceos-exception"
version = "0.1.0"
dependencies = [
 "axstd",
]

[[package]]
name = "arceos-helloworld"
version = "0.1.0"
dependencies = [
 "axstd",
]

[[package]]
name = "arceos-httpclient"
version = "0.1.0"
dependencies = [
 "axstd",
]

[[package]]
name = "arceos-httpserver"
version = "0.1.0"
dependencies = [
 "axstd",
]

[[package]]
name = "arceos-memtest"
version = "0.1.0"
dependencies = [
 "axstd",
 "rand",
]

[[package]]
name = "arceos-parallel"
version = "0.1.0"
dependencies = [
 "axstd",
 "rand",
]

[[package]]
name = "arceos-priority"
version = "0.1.0"
dependencies = [
 "axstd",
]

[[package]]
name = "arceos-shell"
version = "0.1.0"
dependencies = [
 "axfs_ramfs",
 "axfs_vfs",
 "axstd",
 "crate_interface",
]

[[package]]
name = "arceos-sleep"
version = "0.1.0"
dependencies = [
 "axstd",
]

[[package]]
name = "arceos-tls"
version = "0.1.0"
dependencies = [
 "axhal",
 "axstd",
]

[[package]]
name = "arceos-udpserver"
version = "0.1.0"
dependencies = [
 "axstd",
]

[[package]]
name = "arceos-yield"
version = "0.1.0"
dependencies = [
 "axstd",
]

[[package]]
name = "arceos_api"
version = "0.1.0"
source = "git+https://github.com/Starry-OS/arceos_api.git#45eadbef3842296e299bd66c99050674f3c2fb22"
dependencies = [
 "axalloc",
 "axconfig",
 "axdisplay",
 "axerrno",
 "axfeat",
 "axfs",
 "axhal",
 "axio",
 "axlog",
 "axnet",
 "axruntime",
 "axtask",
]

[[package]]
name = "arceos_posix_api"
version = "0.1.0"
source = "git+https://github.com/Starry-OS/arceos_posix_api.git#0949faae5bc4e892035f8c327678c49bfa59f0b5"
dependencies = [
 "axalloc",
 "axconfig",
 "axerrno",
 "axfeat",
 "axfs",
 "axhal",
 "axio",
 "axlog",
 "axnet",
 "axruntime",
 "axsync",
 "axtask",
 "bindgen",
 "flatten_objects",
 "lazy_static",
 "spin 0.9.8",
 "static_assertions",
]

[[package]]
name = "arch_boot"
version = "0.1.0"
dependencies = [
 "aarch64-cpu",
 "axconfig",
 "axhal",
 "axlog",
 "axruntime",
 "axtrap",
 "cfg-if",
 "linux_syscall_api",
 "log",
 "of",
 "raw-cpuid 11.0.2",
 "riscv",
 "sbi-rt",
 "tock-registers",
 "x86",
 "x86_64",
]

[[package]]
name = "arm_gic"
version = "0.1.0"
source = "git+https://github.com/Starry-OS/arm_gic.git#631819a3328dbf610e7772c4f02f5eb4af6d9882"
dependencies = [
 "aarch64-cpu",
 "bitflags 2.5.0",
 "cfg-if",
 "tock-registers",
]

[[package]]
name = "arm_pl011"
version = "0.1.0"
source = "git+https://github.com/Starry-OS/arm_pl011.git#44088f39f60002f315384c661fc1e5f1bbe8a8dd"
dependencies = [
 "tock-registers",
]

[[package]]
name = "autocfg"
version = "1.2.0"
source = "registry+https://github.com/rust-lang/crates.io-index"
checksum = "f1fdabc7756949593fe60f30ec81974b613357de856987752631dea1e3394c80"

[[package]]
name = "axalloc"
version = "0.1.0"
source = "git+https://github.com/Starry-OS/axalloc.git#6665f35e647c55b845d47ca2c6aab576a335461a"
dependencies = [
 "allocator",
 "axerrno",
 "cfg-if",
 "log",
 "memory_addr",
 "spinlock",
]

[[package]]
name = "axconfig"
version = "0.1.0"
source = "git+https://github.com/Starry-OS/axconfig.git#a19854cc460d85acdacc0d678dca666c8c0fc05b"
dependencies = [
 "serde",
 "toml_edit",
]

[[package]]
name = "axdisplay"
version = "0.1.0"
source = "git+https://github.com/Starry-OS/axdisplay.git#92896316d596c61755b4fc9d458bdafbee1ee36c"
dependencies = [
 "axdriver",
 "axsync",
 "driver_display",
 "lazy_init",
 "log",
]

[[package]]
name = "axdriver"
version = "0.1.0"
source = "git+https://github.com/Starry-OS/axdriver.git#a21caaacd33aa26c9069b0f963f90e0750935dac"
dependencies = [
 "axalloc",
 "axconfig",
 "axhal",
 "cfg-if",
 "driver_block",
 "driver_common",
 "driver_display",
 "driver_net",
 "driver_virtio",
 "log",
]

[[package]]
name = "axerrno"
version = "0.1.0"
source = "git+https://github.com/Starry-OS/axerrno.git#12d36f6ccdfe06493d75266a0e26981f8c6c3fdc"
dependencies = [
 "log",
]

[[package]]
name = "axfeat"
version = "0.1.0"
source = "git+https://github.com/Starry-OS/axfeat.git#f0a469a46630dc0c8ba2bcdfd864b4e0439bab2a"
dependencies = [
 "axalloc",
 "axdisplay",
 "axdriver",
 "axfs",
 "axhal",
 "axlog",
 "axnet",
 "axprocess",
 "axruntime",
 "axsync",
 "axtask",
 "spinlock",
 "taskctx",
]

[[package]]
name = "axfs"
version = "0.1.0"
source = "git+https://github.com/Starry-OS/axfs.git#defa32aad1fd0fbd9aca43411d5459603a821550"
dependencies = [
 "axconfig",
 "axdriver",
 "axerrno",
 "axfs_devfs",
 "axfs_ramfs",
 "axfs_vfs",
 "axio",
 "axsync",
 "bitflags 2.5.0",
 "capability",
 "cfg-if",
 "crate_interface",
 "driver_block",
 "fatfs",
 "lazy_init",
 "log",
]

[[package]]
name = "axfs_devfs"
version = "0.1.0"
source = "git+https://github.com/Starry-OS/axfs_devfs.git#00c26de4ae76a2461aef8cc92b9802738dd82ecf"
dependencies = [
 "axfs_vfs",
 "log",
 "rand",
 "spin 0.9.8",
]

[[package]]
name = "axfs_ramfs"
version = "0.1.0"
source = "git+https://github.com/Starry-OS/axfs_ramfs.git#4adca0d0fd2e71113f1d75dcc0b1850dffc55892"
dependencies = [
 "axerrno",
 "axfs_vfs",
 "lazy_static",
 "log",
 "spin 0.9.8",
]

[[package]]
name = "axfs_vfs"
version = "0.1.0"
source = "git+https://github.com/Starry-OS/axfs_vfs.git#4ae66642132158495955728c12d446f28fbb70c2"
dependencies = [
 "axerrno",
 "bitflags 2.5.0",
 "log",
]

[[package]]
name = "axhal"
version = "0.1.0"
source = "git+https://github.com/Starry-OS/axhal.git#bb7589fe64aa14fa53deb285b79a4f24fe47006d"
dependencies = [
 "aarch64-cpu",
 "arm_gic",
 "arm_pl011",
 "axalloc",
 "axconfig",
 "axfs_ramfs",
 "axlog",
 "bitflags 2.5.0",
 "cfg-if",
 "crate_interface",
 "dw_apb_uart",
 "either",
 "handler_table",
 "kernel_guard",
 "lazy_init",
 "log",
 "memory_addr",
 "of",
 "page_table",
 "page_table_entry",
 "percpu",
 "ratio",
 "raw-cpuid 11.0.2",
 "riscv",
 "sbi-rt",
 "spinlock",
 "static_assertions",
 "taskctx",
 "tock-registers",
 "x2apic",
 "x86",
 "x86_64",
]

[[package]]
name = "axio"
version = "0.1.0"
source = "git+https://github.com/Starry-OS/axio.git#4f70d39a0ebef8121c284a9b95369d533eaebb12"
dependencies = [
 "axerrno",
]

[[package]]
name = "axlibc"
version = "0.1.0"
dependencies = [
 "arceos_posix_api",
 "arch_boot",
 "axerrno",
 "axfeat",
 "axio",
 "bindgen",
]

[[package]]
name = "axlog"
version = "0.1.0"
source = "git+https://github.com/Starry-OS/axlog.git#64b47ba15f85ad39a2a8069ce45415f0a7166fb8"
dependencies = [
 "cfg-if",
 "crate_interface",
 "log",
 "spinlock",
]

[[package]]
name = "axmem"
version = "0.1.0"
source = "git+https://github.com/Starry-OS/axmem.git#b5923a1445bf34a26342b4f82c72ebba4ac4b1e4"
dependencies = [
 "axalloc",
 "axconfig",
 "axerrno",
 "axfs",
 "axhal",
 "axio",
 "elf_parser",
 "log",
 "page_table_entry",
 "riscv",
 "spinlock",
 "xmas-elf",
]

[[package]]
name = "axnet"
version = "0.1.0"
source = "git+https://github.com/Starry-OS/axnet.git#2aa071b1f90fe1e85691d42e90a11e4d8fa25eb0"
dependencies = [
 "axdriver",
 "axerrno",
 "axhal",
 "axio",
 "axprocess",
 "axsync",
 "axtask",
 "cfg-if",
 "driver_net",
 "lazy_init",
 "log",
 "smoltcp",
 "spin 0.9.8",
]

[[package]]
name = "axprocess"
version = "0.1.0"
source = "git+https://github.com/Starry-OS/axprocess.git#a3aef2d47c3f6dcabf067a032c3193fb760ee248"
dependencies = [
 "axalloc",
 "axconfig",
 "axerrno",
 "axfs",
 "axhal",
 "axio",
 "axlog",
 "axmem",
 "axsignal",
 "axsync",
 "axtask",
 "bitflags 2.5.0",
 "cfg-if",
 "elf_parser",
 "lazy_static",
 "riscv",
 "spinlock",
 "xmas-elf",
]

[[package]]
name = "axruntime"
version = "0.1.0"
source = "git+https://github.com/Starry-OS/axruntime.git#3dbaf5eef9605d263932079aebd4a4e6cbc888a9"
dependencies = [
 "axalloc",
 "axconfig",
 "axdisplay",
 "axdriver",
 "axfs",
 "axhal",
 "axlog",
 "axmem",
 "axnet",
 "axprocess",
 "axtask",
 "cfg-if",
 "crate_interface",
 "kernel_guard",
 "lazy_init",
 "percpu",
]

[[package]]
name = "axsignal"
version = "0.1.0"
source = "git+https://github.com/Starry-OS/axsignal.git#267cb5b0eb2570a0aba006c87360430b1a49e35c"
dependencies = [
 "axhal",
 "bitflags 2.5.0",
 "cfg-if",
 "numeric-enum-macro",
]

[[package]]
name = "axstarry"
version = "0.1.0"
source = "git+https://github.com/Starry-OS/axstarry.git#ed3c90b8e10d9bdd92583833dd5a90d149f13d59"
dependencies = [
 "arch_boot",
 "axfeat",
 "axlog",
 "linux_syscall_api",
]

[[package]]
name = "axstd"
version = "0.1.0"
source = "git+https://github.com/Starry-OS/axstd.git#39db846b0ace9946bff1bb847fd9de6e30dbb1d6"
dependencies = [
 "arceos_api",
 "arch_boot",
 "axerrno",
 "axfeat",
 "axio",
 "spinlock",
]

[[package]]
name = "axsync"
version = "0.1.0"
source = "git+https://github.com/Starry-OS/axsync.git#1340dde1a365a59f7fe1fcd6a35c1cd3cceb5c96"
dependencies = [
 "axtask",
 "spinlock",
]

[[package]]
name = "axtask"
version = "0.1.0"
source = "git+https://github.com/Starry-OS/axtask.git#34e5f5bd5f932a060d65b8a15c0d434f86f93996"
dependencies = [
 "axconfig",
 "axhal",
 "axlog",
 "axsignal",
 "cfg-if",
 "kernel_guard",
 "lazy_init",
 "log",
 "memory_addr",
 "numeric-enum-macro",
 "percpu",
 "scheduler",
 "spinlock",
 "taskctx",
 "timer_list",
]

[[package]]
name = "axtrap"
version = "0.1.0"
source = "git+https://github.com/Starry-OS/axtrap.git#1acf4c5a28d01853635240beeb1d9c4679a61b80"
dependencies = [
 "aarch64-cpu",
 "axhal",
 "axlog",
 "axtask",
 "cfg-if",
 "handler_table",
 "kernel_guard",
 "lazy_init",
 "linux_syscall_api",
 "log",
 "percpu",
 "riscv",
 "tock-registers",
 "x86",
 "x86_64",
]

[[package]]
name = "az"
version = "1.2.1"
source = "registry+https://github.com/rust-lang/crates.io-index"
checksum = "7b7e4c2464d97fe331d41de9d5db0def0a96f4d823b8b32a2efd503578988973"

[[package]]
name = "base64"
version = "0.13.1"
source = "registry+https://github.com/rust-lang/crates.io-index"
checksum = "9e1b586273c5702936fe7b7d6896644d8be71e6314cfe09d3167c95f712589e8"

[[package]]
name = "bindgen"
version = "0.66.1"
source = "registry+https://github.com/rust-lang/crates.io-index"
checksum = "f2b84e06fc203107bfbad243f4aba2af864eb7db3b1cf46ea0a023b0b433d2a7"
dependencies = [
 "bitflags 2.5.0",
 "cexpr",
 "clang-sys",
 "lazy_static",
 "lazycell",
 "log",
 "peeking_take_while",
 "prettyplease",
 "proc-macro2",
 "quote",
 "regex",
 "rustc-hash",
 "shlex",
 "syn 2.0.60",
 "which",
]

[[package]]
name = "bit"
version = "0.1.1"
source = "registry+https://github.com/rust-lang/crates.io-index"
checksum = "2b645c5c09a7d4035949cfce1a915785aaad6f17800c35fda8a8c311c491f284"

[[package]]
name = "bit_field"
version = "0.10.2"
source = "registry+https://github.com/rust-lang/crates.io-index"
checksum = "dc827186963e592360843fb5ba4b973e145841266c1357f7180c43526f2e5b61"

[[package]]
name = "bitflags"
version = "1.3.2"
source = "registry+https://github.com/rust-lang/crates.io-index"
checksum = "bef38d45163c2f1dde094a7dfd33ccf595c92905c8f8f4fdc18d06fb1037718a"

[[package]]
name = "bitflags"
version = "2.5.0"
source = "registry+https://github.com/rust-lang/crates.io-index"
checksum = "cf4b9d6a944f767f8e5e0db018570623c85f3d925ac718db4e06d0187adb21c1"

[[package]]
name = "bitmap-allocator"
version = "0.1.0"
source = "git+https://github.com/rcore-os/bitmap-allocator.git?rev=88e871a#88e871a54f28a3d6795478f237466b3332e2fb1d"
dependencies = [
 "bit_field",
]

[[package]]
name = "bitmaps"
version = "3.2.1"
source = "registry+https://github.com/rust-lang/crates.io-index"
checksum = "a1d084b0137aaa901caf9f1e8b21daa6aa24d41cd806e111335541eff9683bd6"

[[package]]
name = "byteorder"
version = "1.5.0"
source = "registry+https://github.com/rust-lang/crates.io-index"
checksum = "1fd0f2584146f6f2ef48085050886acf353beff7305ebd1ae69500e27c67f64b"

[[package]]
name = "capability"
version = "0.1.0"
source = "git+https://github.com/Starry-OS/capability.git#d00386a2584995ade7f5919e50318853abfbe5c1"
dependencies = [
 "axerrno",
 "bitflags 2.5.0",
]

[[package]]
name = "cexpr"
version = "0.6.0"
source = "registry+https://github.com/rust-lang/crates.io-index"
checksum = "6fac387a98bb7c37292057cffc56d62ecb629900026402633ae9160df93a8766"
dependencies = [
 "nom",
]

[[package]]
name = "cfg-if"
version = "1.0.0"
source = "registry+https://github.com/rust-lang/crates.io-index"
checksum = "baf1de4339761588bc0619e3cbc0120ee582ebb74b53b4efbf79117bd2da40fd"

[[package]]
name = "clang-sys"
version = "1.7.0"
source = "registry+https://github.com/rust-lang/crates.io-index"
checksum = "67523a3b4be3ce1989d607a828d036249522dd9c1c8de7f4dd2dae43a37369d1"
dependencies = [
 "glob",
 "libc",
 "libloading",
]

[[package]]
name = "const-default"
version = "1.0.0"
source = "registry+https://github.com/rust-lang/crates.io-index"
checksum = "0b396d1f76d455557e1218ec8066ae14bba60b4b36ecd55577ba979f5db7ecaa"

[[package]]
name = "crate_interface"
version = "0.1.1"
source = "git+https://github.com/Starry-OS/crate_interface.git#d27dd9608dbf04b3138cf4386c19f939352b50b0"
dependencies = [
 "proc-macro2",
 "quote",
 "syn 2.0.60",
]

[[package]]
name = "critical-section"
version = "1.1.2"
source = "registry+https://github.com/rust-lang/crates.io-index"
checksum = "7059fff8937831a9ae6f0fe4d658ffabf58f2ca96aa9dec1c889f936f705f216"

[[package]]
name = "defmt"
version = "0.3.6"
source = "registry+https://github.com/rust-lang/crates.io-index"
checksum = "3939552907426de152b3c2c6f51ed53f98f448babd26f28694c95f5906194595"
dependencies = [
 "bitflags 1.3.2",
 "defmt-macros",
]

[[package]]
name = "defmt-macros"
version = "0.3.7"
source = "registry+https://github.com/rust-lang/crates.io-index"
checksum = "18bdc7a7b92ac413e19e95240e75d3a73a8d8e78aa24a594c22cbb4d44b4bbda"
dependencies = [
 "defmt-parser",
 "proc-macro-error",
 "proc-macro2",
 "quote",
 "syn 2.0.60",
]

[[package]]
name = "defmt-parser"
version = "0.3.4"
source = "registry+https://github.com/rust-lang/crates.io-index"
checksum = "ff4a5fefe330e8d7f31b16a318f9ce81000d8e35e69b93eae154d16d2278f70f"
dependencies = [
 "thiserror",
]

[[package]]
name = "driver_block"
version = "0.1.0"
source = "git+https://github.com/Starry-OS/driver_block.git#261bd624714bbccab6d3f58c9dbe87e5646e0623"
dependencies = [
 "driver_common",
 "log",
]

[[package]]
name = "driver_common"
version = "0.1.0"
source = "git+https://github.com/Starry-OS/driver_common.git#4cdcdd9bb30aa14251aa1f6db89d0ca289c2f7c1"

[[package]]
name = "driver_display"
version = "0.1.0"
source = "git+https://github.com/Starry-OS/driver_display.git#164242ef33fad5afe8e3df69f5b7be8e1f4153ed"
dependencies = [
 "driver_common",
]

[[package]]
name = "driver_net"
version = "0.1.0"
source = "git+https://github.com/Starry-OS/driver_net.git#3a6861cfa0a016623ad63f6cdcbe7860bcd2701d"
dependencies = [
 "driver_common",
 "log",
 "spin 0.9.8",
]

[[package]]
name = "driver_virtio"
version = "0.1.0"
source = "git+https://github.com/Starry-OS/driver_virtio.git#55e907a956acc48af0a64fa1b13b5eefb132c12b"
dependencies = [
 "driver_block",
 "driver_common",
 "driver_display",
 "driver_net",
 "virtio-drivers",
]

[[package]]
name = "dw_apb_uart"
version = "0.1.0"
source = "git+https://github.com/Starry-OS/dw_apb_uart.git#e17045e739a5d20b95b9fc0e22d327edd53d5698"
dependencies = [
 "tock-registers",
]

[[package]]
name = "either"
version = "1.11.0"
source = "registry+https://github.com/rust-lang/crates.io-index"
checksum = "a47c1c47d2f5964e29c61246e81db715514cd532db6b5116a25ea3c03d6780a2"

[[package]]
name = "elf_parser"
version = "0.1.0"
source = "git+https://github.com/Starry-OS/elf_parser.git#2bcdfea001c0edbb44298e42df2e65e96c33d416"
dependencies = [
 "axerrno",
 "cfg-if",
 "log",
 "memory_addr",
 "page_table_entry",
 "xmas-elf",
]

[[package]]
name = "embedded-graphics"
version = "0.8.1"
source = "registry+https://github.com/rust-lang/crates.io-index"
checksum = "0649998afacf6d575d126d83e68b78c0ab0e00ca2ac7e9b3db11b4cbe8274ef0"
dependencies = [
 "az",
 "byteorder",
 "embedded-graphics-core",
 "float-cmp",
 "micromath",
]

[[package]]
name = "embedded-graphics-core"
version = "0.4.0"
source = "registry+https://github.com/rust-lang/crates.io-index"
checksum = "ba9ecd261f991856250d2207f6d8376946cd9f412a2165d3b75bc87a0bc7a044"
dependencies = [
 "az",
 "byteorder",
]

[[package]]
name = "embedded-hal"
version = "0.2.7"
source = "registry+https://github.com/rust-lang/crates.io-index"
checksum = "35949884794ad573cf46071e41c9b60efb0cb311e3ca01f7af807af1debc66ff"
dependencies = [
 "nb 0.1.3",
 "void",
]

[[package]]
name = "equivalent"
version = "1.0.1"
source = "registry+https://github.com/rust-lang/crates.io-index"
checksum = "5443807d6dff69373d433ab9ef5378ad8df50ca6298caf15de6e52e24aaf54d5"

[[package]]
name = "errno"
version = "0.3.9"
source = "registry+https://github.com/rust-lang/crates.io-index"
checksum = "534c5cf6194dfab3db3242765c03bbe257cf92f22b38f6bc0c58d59108a820ba"
dependencies = [
 "libc",
 "windows-sys",
]

[[package]]
name = "fatfs"
version = "0.4.0"
source = "git+https://github.com/rafalh/rust-fatfs?rev=a3a834e#a3a834ef92d94dd227c316c0887654dab00ae085"
dependencies = [
 "bitflags 1.3.2",
 "log",
]

[[package]]
name = "fdt"
version = "0.1.5"
source = "registry+https://github.com/rust-lang/crates.io-index"
checksum = "784a4df722dc6267a04af36895398f59d21d07dce47232adf31ec0ff2fa45e67"

[[package]]
name = "flatten_objects"
version = "0.1.0"
source = "git+https://github.com/Starry-OS/flatten_objects.git#b2b6c049e51266e633a2d81655186209b7b64fb0"
dependencies = [
 "bitmaps",
]

[[package]]
name = "float-cmp"
version = "0.9.0"
source = "registry+https://github.com/rust-lang/crates.io-index"
checksum = "98de4bbd547a563b716d8dfa9aad1cb19bfab00f4fa09a6a4ed21dbcf44ce9c4"
dependencies = [
 "num-traits",
]

[[package]]
name = "glob"
version = "0.3.1"
source = "registry+https://github.com/rust-lang/crates.io-index"
checksum = "d2fabcfbdc87f4758337ca535fb41a6d701b65693ce38287d856d1674551ec9b"

[[package]]
name = "handler_table"
version = "0.1.0"
source = "git+https://github.com/Starry-OS/handler_table.git#d6495e7d835cbc999874f0ecf466ee1211447a79"

[[package]]
name = "hash32"
version = "0.3.1"
source = "registry+https://github.com/rust-lang/crates.io-index"
checksum = "47d60b12902ba28e2730cd37e95b8c9223af2808df9e902d4df49588d1470606"
dependencies = [
 "byteorder",
]

[[package]]
name = "hashbrown"
version = "0.14.5"
source = "registry+https://github.com/rust-lang/crates.io-index"
checksum = "e5274423e17b7c9fc20b6e7e208532f9b19825d82dfd615708b70edd83df41f1"

[[package]]
name = "heapless"
version = "0.8.0"
source = "registry+https://github.com/rust-lang/crates.io-index"
checksum = "0bfb9eb618601c89945a70e254898da93b13be0388091d42117462b265bb3fad"
dependencies = [
 "hash32",
 "stable_deref_trait",
]

[[package]]
name = "home"
version = "0.5.9"
source = "registry+https://github.com/rust-lang/crates.io-index"
checksum = "e3d1354bf6b7235cb4a0576c2619fd4ed18183f689b12b006a0ee7329eeff9a5"
dependencies = [
 "windows-sys",
]

[[package]]
name = "indexmap"
version = "2.2.6"
source = "registry+https://github.com/rust-lang/crates.io-index"
checksum = "168fb715dda47215e360912c096649d23d58bf392ac62f73919e831745e40f26"
dependencies = [
 "equivalent",
 "hashbrown",
]

[[package]]
name = "kernel_guard"
version = "0.1.0"
source = "git+https://github.com/Starry-OS/kernel_guard.git#72e006721a017db12ce7731fe30f56a83f330216"
dependencies = [
 "cfg-if",
 "taskctx",
]

[[package]]
name = "lazy_init"
version = "0.1.0"
source = "git+https://github.com/Starry-OS/lazy_init.git#0aee1e3b80b6de6cd3a59b066b52d58921b76b55"

[[package]]
name = "lazy_static"
version = "1.4.0"
source = "registry+https://github.com/rust-lang/crates.io-index"
checksum = "e2abad23fbc42b3700f2f279844dc832adb2b2eb069b2df918f455c4e18cc646"
dependencies = [
 "spin 0.5.2",
]

[[package]]
name = "lazycell"
version = "1.3.0"
source = "registry+https://github.com/rust-lang/crates.io-index"
checksum = "830d08ce1d1d941e6b30645f1a0eb5643013d835ce3779a5fc208261dbe10f55"

[[package]]
name = "libc"
version = "0.2.154"
source = "registry+https://github.com/rust-lang/crates.io-index"
checksum = "ae743338b92ff9146ce83992f766a31066a91a8c84a45e0e9f21e7cf6de6d346"

[[package]]
name = "libloading"
version = "0.8.3"
source = "registry+https://github.com/rust-lang/crates.io-index"
checksum = "0c2a198fb6b0eada2a8df47933734e6d35d350665a33a3593d7164fa52c75c19"
dependencies = [
 "cfg-if",
 "windows-targets",
]

[[package]]
name = "linked_list"
version = "0.1.0"
source = "git+https://github.com/Starry-OS/linked_list.git#3238ef86e8b27bfe13634ba27adf7d69c8b053fa"

[[package]]
name = "linux-raw-sys"
version = "0.4.13"
source = "registry+https://github.com/rust-lang/crates.io-index"
checksum = "01cda141df6706de531b6c46c3a33ecca755538219bd484262fa09410c13539c"

[[package]]
name = "linux_syscall_api"
version = "0.1.0"
source = "git+https://github.com/Starry-OS/linux_syscall_api.git#fd5e92df6da66bb9a02ec3a82ee50c7403b55d4e"
dependencies = [
 "axconfig",
 "axerrno",
 "axfs",
 "axhal",
 "axlog",
 "axmem",
 "axnet",
 "axprocess",
 "axruntime",
 "axsignal",
 "axsync",
 "axtask",
 "bitflags 2.5.0",
 "cfg-if",
 "lazy_init",
 "num_enum",
 "numeric-enum-macro",
 "rand",
 "spinlock",
]

[[package]]
name = "lock_api"
version = "0.4.12"
source = "registry+https://github.com/rust-lang/crates.io-index"
checksum = "07af8b9cdd281b7915f413fa73f29ebd5d55d0d3f0155584dade1ff18cea1b17"
dependencies = [
 "autocfg",
 "scopeguard",
]

[[package]]
name = "log"
version = "0.4.19"
source = "registry+https://github.com/rust-lang/crates.io-index"
checksum = "b06a4cde4c0f271a446782e3eff8de789548ce57dbc8eca9292c27f4a42004b4"

[[package]]
name = "managed"
version = "0.8.0"
source = "registry+https://github.com/rust-lang/crates.io-index"
checksum = "0ca88d725a0a943b096803bd34e73a4437208b6077654cc4ecb2947a5f91618d"

[[package]]
name = "memchr"
version = "2.7.2"
source = "registry+https://github.com/rust-lang/crates.io-index"
checksum = "6c8640c5d730cb13ebd907d8d04b52f55ac9a2eec55b440c8892f40d56c76c1d"

[[package]]
name = "memory_addr"
version = "0.1.0"
source = "git+https://github.com/Starry-OS/memory_addr.git#a5be547a3109f114994d005b893f9b19c2616709"

[[package]]
name = "micromath"
version = "2.1.0"
source = "registry+https://github.com/rust-lang/crates.io-index"
checksum = "c3c8dda44ff03a2f238717214da50f65d5a53b45cd213a7370424ffdb6fae815"

[[package]]
name = "minimal-lexical"
version = "0.2.1"
source = "registry+https://github.com/rust-lang/crates.io-index"
checksum = "68354c5c6bd36d73ff3feceb05efa59b6acb7626617f4962be322a825e61f79a"

[[package]]
name = "monolithic_userboot"
version = "0.1.0"
dependencies = [
 "axstarry",
]

[[package]]
name = "nb"
version = "0.1.3"
source = "registry+https://github.com/rust-lang/crates.io-index"
checksum = "801d31da0513b6ec5214e9bf433a77966320625a37860f910be265be6e18d06f"
dependencies = [
 "nb 1.1.0",
]

[[package]]
name = "nb"
version = "1.1.0"
source = "registry+https://github.com/rust-lang/crates.io-index"
checksum = "8d5439c4ad607c3c23abf66de8c8bf57ba8adcd1f129e699851a6e43935d339d"

[[package]]
name = "nom"
version = "7.1.3"
source = "registry+https://github.com/rust-lang/crates.io-index"
checksum = "d273983c5a657a70a3e8f2a01329822f3b8c8172b73826411a55751e404a0a4a"
dependencies = [
 "memchr",
 "minimal-lexical",
]

[[package]]
name = "num-traits"
version = "0.2.18"
source = "registry+https://github.com/rust-lang/crates.io-index"
checksum = "da0df0e5185db44f69b44f26786fe401b6c293d1907744beaa7fa62b2e5a517a"
dependencies = [
 "autocfg",
]

[[package]]
name = "num_enum"
version = "0.5.11"
source = "registry+https://github.com/rust-lang/crates.io-index"
checksum = "1f646caf906c20226733ed5b1374287eb97e3c2a5c227ce668c1f2ce20ae57c9"
dependencies = [
 "num_enum_derive",
]

[[package]]
name = "num_enum_derive"
version = "0.5.11"
source = "registry+https://github.com/rust-lang/crates.io-index"
checksum = "dcbff9bc912032c62bf65ef1d5aea88983b420f4f839db1e9b0c281a25c9c799"
dependencies = [
 "proc-macro2",
 "quote",
 "syn 1.0.109",
]

[[package]]
name = "numeric-enum-macro"
version = "0.2.0"
source = "git+https://github.com/mexus/numeric-enum-macro#20aef288b2ecd2381ab6627c2a6c9e0436d8c8ff"

[[package]]
name = "of"
version = "0.1.0"
source = "git+https://github.com/Starry-OS/of.git#8c5083c1d30d3d7a6ce63fffdb2764876e7c538b"
dependencies = [
 "fdt",
 "lazy_static",
]

[[package]]
name = "once_cell"
version = "1.19.0"
source = "registry+https://github.com/rust-lang/crates.io-index"
checksum = "3fdb12b2476b595f9358c5161aa467c2438859caa136dec86c26fdd2efe17b92"

[[package]]
name = "page_table"
version = "0.1.0"
source = "git+https://github.com/Starry-OS/page_table.git#d6ba329ddc0bb749bf179e0d3584409f0075e4a6"
dependencies = [
 "log",
 "memory_addr",
 "page_table_entry",
]

[[package]]
name = "page_table_entry"
version = "0.1.0"
source = "git+https://github.com/Starry-OS/page_table_entry.git#3d6bdc92bc9b17cfd3b6ec27c9cb1546857cfacd"
dependencies = [
 "aarch64-cpu",
 "bitflags 2.5.0",
 "memory_addr",
 "x86_64",
]

[[package]]
name = "paste"
version = "1.0.14"
source = "registry+https://github.com/rust-lang/crates.io-index"
checksum = "de3145af08024dea9fa9914f381a17b8fc6034dfb00f3a84013f7ff43f29ed4c"

[[package]]
name = "peeking_take_while"
version = "0.1.2"
source = "registry+https://github.com/rust-lang/crates.io-index"
checksum = "19b17cddbe7ec3f8bc800887bab5e717348c95ea2ca0b1bf0837fb964dc67099"

[[package]]
name = "percpu"
version = "0.1.0"
source = "git+https://github.com/Starry-OS/percpu.git#939e6eb912125e18b609398c4e5e47aa367f697b"
dependencies = [
 "cfg-if",
 "kernel_guard",
 "percpu_macros",
 "spin 0.9.8",
 "x86",
]

[[package]]
name = "percpu_macros"
version = "0.1.0"
source = "git+https://github.com/Starry-OS/percpu_macros.git#dca9e98359fc9e24f4b1baaa8f90b27f183f6f8e"
dependencies = [
 "proc-macro2",
 "quote",
 "syn 2.0.60",
]

[[package]]
name = "prettyplease"
version = "0.2.20"
source = "registry+https://github.com/rust-lang/crates.io-index"
checksum = "5f12335488a2f3b0a83b14edad48dca9879ce89b2edd10e80237e4e852dd645e"
dependencies = [
 "proc-macro2",
 "syn 2.0.60",
]

[[package]]
name = "proc-macro-error"
version = "1.0.4"
source = "registry+https://github.com/rust-lang/crates.io-index"
checksum = "da25490ff9892aab3fcf7c36f08cfb902dd3e71ca0f9f9517bea02a73a5ce38c"
dependencies = [
 "proc-macro-error-attr",
 "proc-macro2",
 "quote",
 "syn 1.0.109",
 "version_check",
]

[[package]]
name = "proc-macro-error-attr"
version = "1.0.4"
source = "registry+https://github.com/rust-lang/crates.io-index"
checksum = "a1be40180e52ecc98ad80b184934baf3d0d29f979574e439af5a55274b35f869"
dependencies = [
 "proc-macro2",
 "quote",
 "version_check",
]

[[package]]
name = "proc-macro2"
version = "1.0.81"
source = "registry+https://github.com/rust-lang/crates.io-index"
checksum = "3d1597b0c024618f09a9c3b8655b7e430397a36d23fdafec26d6965e9eec3eba"
dependencies = [
 "unicode-ident",
]

[[package]]
name = "quote"
version = "1.0.36"
source = "registry+https://github.com/rust-lang/crates.io-index"
checksum = "0fa76aaf39101c457836aec0ce2316dbdc3ab723cdda1c6bd4e6ad4208acaca7"
dependencies = [
 "proc-macro2",
]

[[package]]
name = "rand"
version = "0.8.5"
source = "registry+https://github.com/rust-lang/crates.io-index"
checksum = "34af8d1a0e25924bc5b7c43c079c942339d8f0a8b57c39049bef581b46327404"
dependencies = [
 "rand_core",
]

[[package]]
name = "rand_core"
version = "0.6.4"
source = "registry+https://github.com/rust-lang/crates.io-index"
checksum = "ec0be4795e2f6a28069bec0b5ff3e2ac9bafc99e6a9a7dc3547996c5c816922c"

[[package]]
name = "ratio"
version = "0.1.0"
source = "git+https://github.com/Starry-OS/ratio.git#e3381d7b81e900071c168e73c778f77fb2b7be25"

[[package]]
name = "raw-cpuid"
version = "10.7.0"
source = "registry+https://github.com/rust-lang/crates.io-index"
checksum = "6c297679cb867470fa8c9f67dbba74a78d78e3e98d7cf2b08d6d71540f797332"
dependencies = [
 "bitflags 1.3.2",
]

[[package]]
name = "raw-cpuid"
version = "11.0.2"
source = "registry+https://github.com/rust-lang/crates.io-index"
checksum = "e29830cbb1290e404f24c73af91c5d8d631ce7e128691e9477556b540cd01ecd"
dependencies = [
 "bitflags 2.5.0",
]

[[package]]
name = "regex"
version = "1.10.4"
source = "registry+https://github.com/rust-lang/crates.io-index"
checksum = "c117dbdfde9c8308975b6a18d71f3f385c89461f7b3fb054288ecf2a2058ba4c"
dependencies = [
 "aho-corasick",
 "memchr",
 "regex-automata",
 "regex-syntax",
]

[[package]]
name = "regex-automata"
version = "0.4.6"
source = "registry+https://github.com/rust-lang/crates.io-index"
checksum = "86b83b8b9847f9bf95ef68afb0b8e6cdb80f498442f5179a29fad448fcc1eaea"
dependencies = [
 "aho-corasick",
 "memchr",
 "regex-syntax",
]

[[package]]
name = "regex-syntax"
version = "0.8.3"
source = "registry+https://github.com/rust-lang/crates.io-index"
checksum = "adad44e29e4c806119491a7f06f03de4d1af22c3a680dd47f1e6e179439d1f56"

[[package]]
name = "riscv"
version = "0.10.1"
source = "registry+https://github.com/rust-lang/crates.io-index"
checksum = "aa3145d2fae3778b1e31ec2e827b228bdc6abd9b74bb5705ba46dcb82069bc4f"
dependencies = [
 "bit_field",
 "critical-section",
 "embedded-hal",
]

[[package]]
name = "rlsf"
version = "0.2.1"
source = "registry+https://github.com/rust-lang/crates.io-index"
checksum = "222fb240c3286247ecdee6fa5341e7cdad0ffdf8e7e401d9937f2d58482a20bf"
dependencies = [
 "cfg-if",
 "const-default",
 "libc",
 "svgbobdoc",
]

[[package]]
name = "rustc-hash"
version = "1.1.0"
source = "registry+https://github.com/rust-lang/crates.io-index"
checksum = "08d43f7aa6b08d49f382cde6a7982047c3426db949b1424bc4b7ec9ae12c6ce2"

[[package]]
name = "rustix"
version = "0.38.34"
source = "registry+https://github.com/rust-lang/crates.io-index"
checksum = "70dc5ec042f7a43c4a73241207cecc9873a06d45debb38b329f8541d85c2730f"
dependencies = [
 "bitflags 2.5.0",
 "errno",
 "libc",
 "linux-raw-sys",
 "windows-sys",
]

[[package]]
name = "rustversion"
version = "1.0.15"
source = "registry+https://github.com/rust-lang/crates.io-index"
checksum = "80af6f9131f277a45a3fba6ce8e2258037bb0477a67e610d3c1fe046ab31de47"

[[package]]
name = "sbi-rt"
version = "0.0.2"
source = "registry+https://github.com/rust-lang/crates.io-index"
checksum = "8c113c53291db8ac141e01f43224ed488b8d6001ab66737b82e04695a43a42b7"
dependencies = [
 "sbi-spec",
]

[[package]]
name = "sbi-spec"
version = "0.0.4"
source = "registry+https://github.com/rust-lang/crates.io-index"
checksum = "6d4027cf9bb591a9fd0fc0e283be6165c5abe96cb73e9f0e24738c227f425377"
dependencies = [
 "static_assertions",
]

[[package]]
name = "scheduler"
version = "0.1.0"
source = "git+https://github.com/Starry-OS/scheduler.git#1142d1173d03c6d4ee141b6d1207f1c7c7cdf763"
dependencies = [
 "linked_list",
]

[[package]]
name = "scopeguard"
version = "1.2.0"
source = "registry+https://github.com/rust-lang/crates.io-index"
checksum = "94143f37725109f92c262ed2cf5e59bce7498c01bcc1502d7b9afe439a4e9f49"

[[package]]
name = "serde"
version = "1.0.199"
source = "registry+https://github.com/rust-lang/crates.io-index"
checksum = "0c9f6e76df036c77cd94996771fb40db98187f096dd0b9af39c6c6e452ba966a"
dependencies = [
 "serde_derive",
]

[[package]]
name = "serde_derive"
version = "1.0.199"
source = "registry+https://github.com/rust-lang/crates.io-index"
checksum = "11bd257a6541e141e42ca6d24ae26f7714887b47e89aa739099104c7e4d3b7fc"
dependencies = [
 "proc-macro2",
 "quote",
 "syn 2.0.60",
]

[[package]]
name = "shlex"
version = "1.3.0"
source = "registry+https://github.com/rust-lang/crates.io-index"
checksum = "0fda2ff0d084019ba4d7c6f371c95d8fd75ce3524c3cb8fb653a3023f6323e64"

[[package]]
name = "smoltcp"
version = "0.11.0"
source = "git+https://github.com/rcore-os/smoltcp.git?rev=b7134a3#b7134a31442db149c2398b27f95a5d2b54414a4d"
dependencies = [
 "bitflags 1.3.2",
 "byteorder",
 "cfg-if",
 "defmt",
 "heapless",
 "log",
 "managed",
]

[[package]]
name = "spin"
version = "0.5.2"
source = "registry+https://github.com/rust-lang/crates.io-index"
checksum = "6e63cff320ae2c57904679ba7cb63280a3dc4613885beafb148ee7bf9aa9042d"

[[package]]
name = "spin"
version = "0.9.8"
source = "registry+https://github.com/rust-lang/crates.io-index"
checksum = "6980e8d7511241f8acf4aebddbb1ff938df5eebe98691418c4468d0b72a96a67"
dependencies = [
 "lock_api",
]

[[package]]
name = "spinlock"
version = "0.1.0"
source = "git+https://github.com/Starry-OS/spinlock.git#81ef766c064848b8bfae563c3b654dcaac80d719"
dependencies = [
 "cfg-if",
 "kernel_guard",
]

[[package]]
name = "stable_deref_trait"
version = "1.2.0"
source = "registry+https://github.com/rust-lang/crates.io-index"
checksum = "a8f112729512f8e442d81f95a8a7ddf2b7c6b8a1a6f509a95864142b30cab2d3"

[[package]]
name = "static_assertions"
version = "1.1.0"
source = "registry+https://github.com/rust-lang/crates.io-index"
checksum = "a2eb9349b6444b326872e140eb1cf5e7c522154d69e7a0ffb0fb81c06b37543f"

[[package]]
name = "svgbobdoc"
version = "0.3.0"
source = "registry+https://github.com/rust-lang/crates.io-index"
checksum = "f2c04b93fc15d79b39c63218f15e3fdffaa4c227830686e3b7c5f41244eb3e50"
dependencies = [
 "base64",
 "proc-macro2",
 "quote",
 "syn 1.0.109",
 "unicode-width",
]

[[package]]
name = "syn"
version = "1.0.109"
source = "registry+https://github.com/rust-lang/crates.io-index"
checksum = "72b64191b275b66ffe2469e8af2c1cfe3bafa67b529ead792a6d0160888b4237"
dependencies = [
 "proc-macro2",
 "quote",
 "unicode-ident",
]

[[package]]
name = "syn"
version = "2.0.60"
source = "registry+https://github.com/rust-lang/crates.io-index"
checksum = "909518bc7b1c9b779f1bbf07f2929d35af9f0f37e47c6e9ef7f9dddc1e1821f3"
dependencies = [
 "proc-macro2",
 "quote",
 "unicode-ident",
]

[[package]]
name = "taskctx"
version = "0.1.0"
source = "git+https://github.com/Starry-OS/taskctx.git#7296a141dc1b72e19c60d602bf0be7f8fff7face"
dependencies = [
 "aarch64-cpu",
 "cfg-if",
 "log",
 "memory_addr",
 "numeric-enum-macro",
 "static_assertions",
 "tock-registers",
 "x86",
]

[[package]]
name = "thiserror"
version = "1.0.59"
source = "registry+https://github.com/rust-lang/crates.io-index"
checksum = "f0126ad08bff79f29fc3ae6a55cc72352056dfff61e3ff8bb7129476d44b23aa"
dependencies = [
 "thiserror-impl",
]

[[package]]
name = "thiserror-impl"
version = "1.0.59"
source = "registry+https://github.com/rust-lang/crates.io-index"
checksum = "d1cd413b5d558b4c5bf3680e324a6fa5014e7b7c067a51e69dbdf47eb7148b66"
dependencies = [
 "proc-macro2",
 "quote",
 "syn 2.0.60",
]

[[package]]
name = "timer_list"
version = "0.1.0"
source = "git+https://github.com/Starry-OS/timer_list.git#0ba32228d9213c37f1715bcc5d9181bec5ecddc5"

[[package]]
name = "tock-registers"
version = "0.8.1"
source = "registry+https://github.com/rust-lang/crates.io-index"
checksum = "696941a0aee7e276a165a978b37918fd5d22c55c3d6bda197813070ca9c0f21c"

[[package]]
name = "toml_datetime"
version = "0.6.5"
source = "registry+https://github.com/rust-lang/crates.io-index"
checksum = "3550f4e9685620ac18a50ed434eb3aec30db8ba93b0287467bca5826ea25baf1"

[[package]]
name = "toml_edit"
version = "0.19.15"
source = "registry+https://github.com/rust-lang/crates.io-index"
checksum = "1b5bb770da30e5cbfde35a2d7b9b8a2c4b8ef89548a7a6aeab5c9a576e3e7421"
dependencies = [
 "indexmap",
 "toml_datetime",
 "winnow",
]

[[package]]
name = "unicode-ident"
version = "1.0.12"
source = "registry+https://github.com/rust-lang/crates.io-index"
checksum = "3354b9ac3fae1ff6755cb6db53683adb661634f67557942dea4facebec0fee4b"

[[package]]
name = "unicode-width"
version = "0.1.12"
source = "registry+https://github.com/rust-lang/crates.io-index"
checksum = "68f5e5f3158ecfd4b8ff6fe086db7c8467a2dfdac97fe420f2b7c4aa97af66d6"

[[package]]
name = "version_check"
version = "0.9.4"
source = "registry+https://github.com/rust-lang/crates.io-index"
checksum = "49874b5167b65d7193b8aba1567f5c7d93d001cafc34600cee003eda787e483f"

[[package]]
name = "virtio-drivers"
version = "0.7.2"
source = "registry+https://github.com/rust-lang/crates.io-index"
checksum = "ff69e69ff755c004bb027891b58f951225832c84f6a734f9e1fdf0118aa91f91"
dependencies = [
 "bitflags 2.5.0",
 "log",
 "zerocopy",
]

[[package]]
name = "void"
version = "1.0.2"
source = "registry+https://github.com/rust-lang/crates.io-index"
checksum = "6a02e4885ed3bc0f2de90ea6dd45ebcbb66dacffe03547fadbb0eeae2770887d"

[[package]]
name = "volatile"
version = "0.4.6"
source = "registry+https://github.com/rust-lang/crates.io-index"
checksum = "442887c63f2c839b346c192d047a7c87e73d0689c9157b00b53dcc27dd5ea793"

[[package]]
name = "which"
version = "4.4.2"
source = "registry+https://github.com/rust-lang/crates.io-index"
checksum = "87ba24419a2078cd2b0f2ede2691b6c66d8e47836da3b6db8265ebad47afbfc7"
dependencies = [
 "either",
 "home",
 "once_cell",
 "rustix",
]

[[package]]
name = "windows-sys"
version = "0.52.0"
source = "registry+https://github.com/rust-lang/crates.io-index"
checksum = "282be5f36a8ce781fad8c8ae18fa3f9beff57ec1b52cb3de0789201425d9a33d"
dependencies = [
 "windows-targets",
]

[[package]]
name = "windows-targets"
version = "0.52.5"
source = "registry+https://github.com/rust-lang/crates.io-index"
checksum = "6f0713a46559409d202e70e28227288446bf7841d3211583a4b53e3f6d96e7eb"
dependencies = [
 "windows_aarch64_gnullvm",
 "windows_aarch64_msvc",
 "windows_i686_gnu",
 "windows_i686_gnullvm",
 "windows_i686_msvc",
 "windows_x86_64_gnu",
 "windows_x86_64_gnullvm",
 "windows_x86_64_msvc",
]

[[package]]
name = "windows_aarch64_gnullvm"
version = "0.52.5"
source = "registry+https://github.com/rust-lang/crates.io-index"
checksum = "7088eed71e8b8dda258ecc8bac5fb1153c5cffaf2578fc8ff5d61e23578d3263"

[[package]]
name = "windows_aarch64_msvc"
version = "0.52.5"
source = "registry+https://github.com/rust-lang/crates.io-index"
checksum = "9985fd1504e250c615ca5f281c3f7a6da76213ebd5ccc9561496568a2752afb6"

[[package]]
name = "windows_i686_gnu"
version = "0.52.5"
source = "registry+https://github.com/rust-lang/crates.io-index"
checksum = "88ba073cf16d5372720ec942a8ccbf61626074c6d4dd2e745299726ce8b89670"

[[package]]
name = "windows_i686_gnullvm"
version = "0.52.5"
source = "registry+https://github.com/rust-lang/crates.io-index"
checksum = "87f4261229030a858f36b459e748ae97545d6f1ec60e5e0d6a3d32e0dc232ee9"

[[package]]
name = "windows_i686_msvc"
version = "0.52.5"
source = "registry+https://github.com/rust-lang/crates.io-index"
checksum = "db3c2bf3d13d5b658be73463284eaf12830ac9a26a90c717b7f771dfe97487bf"

[[package]]
name = "windows_x86_64_gnu"
version = "0.52.5"
source = "registry+https://github.com/rust-lang/crates.io-index"
checksum = "4e4246f76bdeff09eb48875a0fd3e2af6aada79d409d33011886d3e1581517d9"

[[package]]
name = "windows_x86_64_gnullvm"
version = "0.52.5"
source = "registry+https://github.com/rust-lang/crates.io-index"
checksum = "852298e482cd67c356ddd9570386e2862b5673c85bd5f88df9ab6802b334c596"

[[package]]
name = "windows_x86_64_msvc"
version = "0.52.5"
source = "registry+https://github.com/rust-lang/crates.io-index"
checksum = "bec47e5bfd1bff0eeaf6d8b485cc1074891a197ab4225d504cb7a1ab88b02bf0"

[[package]]
name = "winnow"
version = "0.5.40"
source = "registry+https://github.com/rust-lang/crates.io-index"
checksum = "f593a95398737aeed53e489c785df13f3618e41dbcd6718c6addbf1395aa6876"
dependencies = [
 "memchr",
]

[[package]]
name = "x2apic"
version = "0.4.3"
source = "registry+https://github.com/rust-lang/crates.io-index"
checksum = "cbcd582541cbb8ef1dfc24a3c849a64ff074b1b512af723ad90056558d424602"
dependencies = [
 "bit",
 "bitflags 1.3.2",
 "paste",
 "raw-cpuid 10.7.0",
 "x86_64",
]

[[package]]
name = "x86"
version = "0.52.0"
source = "registry+https://github.com/rust-lang/crates.io-index"
checksum = "2781db97787217ad2a2845c396a5efe286f87467a5810836db6d74926e94a385"
dependencies = [
 "bit_field",
 "bitflags 1.3.2",
 "raw-cpuid 10.7.0",
]

[[package]]
name = "x86_64"
version = "0.14.12"
source = "registry+https://github.com/rust-lang/crates.io-index"
checksum = "96cb6fd45bfeab6a5055c5bffdb08768bd0c069f1d946debe585bbb380a7c062"
dependencies = [
 "bit_field",
 "bitflags 2.5.0",
 "rustversion",
 "volatile",
]

[[package]]
name = "xmas-elf"
version = "0.9.1"
source = "registry+https://github.com/rust-lang/crates.io-index"
checksum = "42c49817e78342f7f30a181573d82ff55b88a35f86ccaf07fc64b3008f56d1c6"
dependencies = [
 "zero",
]

[[package]]
name = "zero"
version = "0.1.3"
source = "registry+https://github.com/rust-lang/crates.io-index"
checksum = "2fe21bcc34ca7fe6dd56cc2cb1261ea59d6b93620215aefb5ea6032265527784"

[[package]]
name = "zerocopy"
version = "0.7.32"
source = "registry+https://github.com/rust-lang/crates.io-index"
checksum = "74d4d3961e53fa4c9a25a8637fc2bfaf2595b3d3ae34875568a5cf64787716be"
dependencies = [
 "byteorder",
 "zerocopy-derive",
]

[[package]]
name = "zerocopy-derive"
version = "0.7.32"
source = "registry+https://github.com/rust-lang/crates.io-index"
checksum = "9ce1b18ccd8e73a9321186f97e46f9f04b778851177567b1975109d26a08d2a6"
dependencies = [
 "proc-macro2",
 "quote",
 "syn 2.0.60",
]
