# This file is automatically @generated by Cargo.
# It is not intended for manual editing.
version = 3

[[package]]
name = "aarch64-cpu"
version = "9.4.0"
source = "registry+https://github.com/rust-lang/crates.io-index"
checksum = "ac42a04a61c19fc8196dd728022a784baecc5d63d7e256c01ad1b3fbfab26287"
dependencies = [
 "tock-registers 0.8.1",
]

[[package]]
name = "ahash"
version = "0.7.8"
source = "registry+https://github.com/rust-lang/crates.io-index"
checksum = "891477e0c6a8957309ee5c45a6368af3ae14bb510732d2684ffa19af310920f9"
dependencies = [
 "getrandom",
 "once_cell",
 "version_check",
]

[[package]]
name = "aho-corasick"
version = "1.1.3"
source = "registry+https://github.com/rust-lang/crates.io-index"
checksum = "8e60d3430d3a69478ad0993f19238d2df97c507009a52b3c10addcd7f6bcb916"
dependencies = [
 "memchr",
]

[[package]]
name = "allocator"
version = "0.1.0"
source = "git+https://github.com/Starry-OS/allocator.git#7c9f5b83faf77893a5fb4387cd94fa6a27b65779"
dependencies = [
 "bitmap-allocator",
 "rlsf",
]

[[package]]
name = "arceos-bwbench"
version = "0.1.0"
dependencies = [
 "axnet",
 "axstd",
]

[[package]]
name = "arceos-display"
version = "0.1.0"
dependencies = [
 "axstd",
 "embedded-graphics",
]

[[package]]
name = "arceos-echoserver"
version = "0.1.0"
dependencies = [
 "axstd",
]

[[package]]
name = "arceos-exception"
version = "0.1.0"
dependencies = [
 "axstd",
]

[[package]]
name = "arceos-helloworld"
version = "0.1.0"
dependencies = [
 "axstd",
]

[[package]]
name = "arceos-httpclient"
version = "0.1.0"
dependencies = [
 "axstd",
]

[[package]]
name = "arceos-httpserver"
version = "0.1.0"
dependencies = [
 "axstd",
]

[[package]]
name = "arceos-memtest"
version = "0.1.0"
dependencies = [
 "axstd",
 "rand",
]

[[package]]
name = "arceos-parallel"
version = "0.1.0"
dependencies = [
 "axstd",
 "rand",
]

[[package]]
name = "arceos-priority"
version = "0.1.0"
dependencies = [
 "axstd",
]

[[package]]
name = "arceos-shell"
version = "0.1.0"
dependencies = [
 "axfs_ramfs",
 "axfs_vfs",
 "axstd",
 "crate_interface 0.1.1",
]

[[package]]
name = "arceos-sleep"
version = "0.1.0"
dependencies = [
 "axstd",
]

[[package]]
name = "arceos-tls"
version = "0.1.0"
dependencies = [
 "axhal",
 "axstd",
]

[[package]]
name = "arceos-udpserver"
version = "0.1.0"
dependencies = [
 "axstd",
]

[[package]]
name = "arceos-yield"
version = "0.1.0"
dependencies = [
 "axstd",
]

[[package]]
name = "arceos_api"
version = "0.1.0"
source = "git+https://github.com/Starry-OS/arceos_api.git#fc77e8d99632a8d89fd10481a74186891f2fa1f2"
dependencies = [
 "axalloc",
 "axconfig",
 "axdisplay",
 "axerrno",
 "axfeat",
 "axfs",
 "axhal",
 "axio",
 "axlog",
 "axnet",
 "axruntime",
 "axtask",
]

[[package]]
name = "arceos_posix_api"
version = "0.1.0"
source = "git+https://github.com/Starry-OS/arceos_posix_api.git#0ef12d062570badfad6b9832d2c886c2c24d6bcb"
dependencies = [
 "axalloc",
 "axconfig",
 "axerrno",
 "axfeat",
 "axfs",
 "axhal",
 "axio",
 "axlog",
 "axnet",
 "axruntime",
 "axsync",
 "axtask",
 "bindgen",
 "flatten_objects",
 "lazy_static",
 "spin",
 "static_assertions",
]

[[package]]
name = "arch_boot"
version = "0.1.0"
source = "git+https://github.com/Starry-OS/arch_boot.git#af6f02387de6fe6544e40d5ff254d899314b035c"
dependencies = [
 "aarch64-cpu",
 "axconfig",
 "axhal",
 "axlog",
 "axruntime",
 "axtrap",
 "cfg-if",
 "linux_syscall_api",
 "log",
 "of",
 "raw-cpuid 11.1.0",
 "riscv 0.10.1",
 "sbi-rt 0.0.2",
 "tock-registers 0.8.1",
 "x86",
 "x86_64 0.14.12",
]

[[package]]
name = "arm_gic"
version = "0.1.0"
source = "git+https://github.com/Starry-OS/arm_gic.git#9aedb126ed0b059ee4e69e032c5e41b593ed10f0"
dependencies = [
 "aarch64-cpu",
 "bitflags 2.6.0",
 "cfg-if",
 "tock-registers 0.8.1",
]

[[package]]
name = "arm_pl011"
version = "0.1.0"
source = "git+https://github.com/Starry-OS/arm_pl011.git#cba8ce63e6e2248829ae340219e90e6df43cda48"
dependencies = [
 "tock-registers 0.8.1",
]

[[package]]
name = "atomic-polyfill"
version = "1.0.3"
source = "registry+https://github.com/rust-lang/crates.io-index"
checksum = "8cf2bce30dfe09ef0bfaef228b9d414faaf7e563035494d7fe092dba54b300f4"
dependencies = [
 "critical-section",
]

[[package]]
name = "autocfg"
version = "1.3.0"
source = "registry+https://github.com/rust-lang/crates.io-index"
checksum = "0c4b4d0bd25bd0b74681c0ad21497610ce1b7c91b1022cd21c80c6fbdd9476b0"

[[package]]
name = "axalloc"
version = "0.1.0"
source = "git+https://github.com/Starry-OS/axalloc.git#da0de65d739b91fb422d33477d10cee473436c42"
dependencies = [
 "allocator",
 "axerrno",
 "cfg-if",
 "log",
 "memory_addr",
 "spinlock",
]

[[package]]
name = "axconfig"
version = "0.1.0"
source = "git+https://github.com/Starry-OS/axconfig.git#ecfc417015a36450abb514092fb8c811512205ea"
dependencies = [
 "serde",
 "toml_edit",
]

[[package]]
name = "axdisplay"
version = "0.1.0"
source = "git+https://github.com/Starry-OS/axdisplay.git#ada3928ed2f9303cc0bbf75758c53716447ac730"
dependencies = [
 "axdriver 0.1.0 (git+https://github.com/qclic/axdriver.git?branch=dev_intel_i219)",
 "axsync",
 "driver_display",
 "lazy_init",
 "log",
]

[[package]]
name = "axdriver"
version = "0.1.0"
dependencies = [
 "axalloc",
 "axconfig",
 "axhal",
 "cfg-if",
 "driver_block",
 "driver_common",
 "driver_display",
 "driver_net",
 "driver_pci",
 "driver_virtio",
 "e1000-driver",
 "kspin",
 "log",
 "pcie",
]

[[package]]
name = "axdriver"
version = "0.1.0"
source = "git+https://github.com/qclic/axdriver.git?branch=dev_intel_i219#3c359c6624cfe9e39da28d5c3be3d799644383ee"
dependencies = [
 "axalloc",
 "axconfig",
 "axhal",
 "cfg-if",
 "driver_block",
 "driver_common",
 "driver_display",
 "driver_net",
 "driver_pci",
 "driver_virtio",
 "kspin",
 "log",
 "pcie",
]

[[package]]
name = "axerrno"
version = "0.1.0"
source = "git+https://github.com/Starry-OS/axerrno.git#3e2372cde388aec5a666afd3456d59e8b77bf3bf"
dependencies = [
 "log",
]

[[package]]
name = "axfeat"
version = "0.1.0"
source = "git+https://github.com/Starry-OS/axfeat.git#a0d5a4813397aae6ce84a749a1c16955f4e9a874"
dependencies = [
 "axalloc",
 "axdisplay",
 "axdriver 0.1.0 (git+https://github.com/qclic/axdriver.git?branch=dev_intel_i219)",
 "axfs",
 "axhal",
 "axlog",
 "axnet",
 "axprocess",
 "axruntime",
 "axsync",
 "axtask",
 "spinlock",
 "taskctx",
]

[[package]]
name = "axfs"
version = "0.1.0"
source = "git+https://github.com/Starry-OS/axfs.git#74ba6295c0113d2305d0037ffbae558fa237e846"
dependencies = [
 "axconfig",
 "axdriver 0.1.0 (git+https://github.com/qclic/axdriver.git?branch=dev_intel_i219)",
 "axerrno",
 "axfs_devfs",
 "axfs_ramfs",
 "axfs_vfs",
 "axio",
 "axsync",
 "bitflags 2.6.0",
 "capability",
 "cfg-if",
 "crate_interface 0.1.1",
 "driver_block",
 "fatfs",
 "lazy_init",
 "log",
]

[[package]]
name = "axfs_devfs"
version = "0.1.0"
source = "git+https://github.com/Starry-OS/axfs_devfs.git#4ca42206513494946da62867c8a235b7192de653"
dependencies = [
 "axfs_vfs",
 "log",
 "rand",
 "spin",
]

[[package]]
name = "axfs_ramfs"
version = "0.1.0"
source = "git+https://github.com/Starry-OS/axfs_ramfs.git#9d217edeaee2ead59c5f26fc551106abcecef1d9"
dependencies = [
 "axerrno",
 "axfs_vfs",
 "lazy_static",
 "log",
 "spin",
]

[[package]]
name = "axfs_vfs"
version = "0.1.0"
source = "git+https://github.com/Starry-OS/axfs_vfs.git#cd00e1085aea61e29d89a9559dc8404825c83873"
dependencies = [
 "axerrno",
 "bitflags 2.6.0",
 "log",
]

[[package]]
name = "axfutex"
version = "0.1.0"
source = "git+https://github.com/Starry-OS/axfutex.git#5eee19d07e750720c1b540dc8990dbf96c565433"
dependencies = [
 "axerrno",
 "axfs",
 "axhal",
 "axlog",
 "axsync",
 "axtask",
 "hashbrown 0.11.2",
 "lazy_static",
 "log",
]

[[package]]
name = "axhal"
version = "0.1.0"
source = "git+https://github.com/Starry-OS/axhal.git#769caa8b8749b324a1370a8da11c0e6a7597eedf"
dependencies = [
 "aarch64-cpu",
 "arm_gic",
 "arm_pl011",
 "axalloc",
 "axconfig",
 "axfs_ramfs",
 "axlog",
 "bitflags 2.6.0",
 "cfg-if",
 "crate_interface 0.1.1",
 "dw_apb_uart",
 "either",
 "handler_table",
 "kernel_guard 0.1.0",
 "lazy_init",
 "log",
 "memory_addr",
 "of",
 "page_table",
 "page_table_entry",
 "percpu",
 "ratio",
 "raw-cpuid 11.1.0",
 "riscv 0.11.1",
 "sbi-rt 0.0.3",
 "spinlock",
 "static_assertions",
 "taskctx",
 "tock-registers 0.8.1",
 "x2apic",
 "x86",
 "x86_64 0.15.1",
]

[[package]]
name = "axio"
version = "0.1.0"
source = "git+https://github.com/Starry-OS/axio.git#010ddddbca0d718656be8430992d3d8b60372641"
dependencies = [
 "axerrno",
]

[[package]]
name = "axlibc"
version = "0.1.0"
dependencies = [
 "arceos_posix_api",
 "arch_boot",
 "axerrno",
 "axfeat",
 "axio",
 "bindgen",
]

[[package]]
name = "axlog"
version = "0.1.0"
source = "git+https://github.com/Starry-OS/axlog.git#5b28a4c6ae14342c725722ef62311ecc0480699c"
dependencies = [
 "cfg-if",
 "crate_interface 0.1.1",
 "log",
 "spinlock",
]

[[package]]
name = "axmem"
version = "0.1.0"
source = "git+https://github.com/Starry-OS/axmem.git#2e66a8ad1a4f14f629d2a07e67abcf21f5216012"
dependencies = [
 "axalloc",
 "axconfig",
 "axerrno",
 "axfs",
 "axhal",
 "axio",
 "axsync",
 "elf_parser",
 "log",
 "page_table_entry",
 "riscv 0.10.1",
 "spinlock",
 "xmas-elf",
]

[[package]]
name = "axnet"
version = "0.1.0"
source = "git+https://github.com/Starry-OS/axnet.git#48d68eb8c32bfb1bb89977fbe19ca42a0d1fb7a9"
dependencies = [
 "axdriver 0.1.0 (git+https://github.com/qclic/axdriver.git?branch=dev_intel_i219)",
 "axerrno",
 "axhal",
 "axio",
 "axprocess",
 "axsync",
 "axtask",
 "cfg-if",
 "driver_net",
 "lazy_init",
 "log",
 "smoltcp 0.11.0",
 "spin",
]

[[package]]
name = "axprocess"
version = "0.1.0"
source = "git+https://github.com/Starry-OS/axprocess.git#6ab9c7a7d41f43ecebcd6ee329bd9fa7edc763b8"
dependencies = [
 "axalloc",
 "axconfig",
 "axerrno",
 "axfs",
 "axfutex",
 "axhal",
 "axio",
 "axlog",
 "axmem",
 "axsignal",
 "axsync",
 "axtask",
 "bitflags 2.6.0",
 "cfg-if",
 "elf_parser",
 "lazy_static",
 "riscv 0.10.1",
 "spinlock",
 "xmas-elf",
]

[[package]]
name = "axruntime"
version = "0.1.0"
source = "git+https://github.com/Starry-OS/axruntime.git#3ff4e76febe8b92ef6f502b1260d05f3fdc498a4"
dependencies = [
 "axalloc",
 "axconfig",
 "axdisplay",
 "axdriver 0.1.0 (git+https://github.com/qclic/axdriver.git?branch=dev_intel_i219)",
 "axfs",
 "axhal",
 "axlog",
 "axmem",
 "axnet",
 "axprocess",
 "axtask",
 "cfg-if",
 "crate_interface 0.1.1",
 "kernel_guard 0.1.0",
 "lazy_init",
 "percpu",
]

[[package]]
name = "axsignal"
version = "0.1.0"
source = "git+https://github.com/Starry-OS/axsignal.git#2bd62ee3a0a5e7135803315db87df1edc51004ce"
dependencies = [
 "axhal",
 "bitflags 2.6.0",
 "cfg-if",
 "numeric-enum-macro",
]

[[package]]
name = "axstarry"
version = "0.1.0"
source = "git+https://github.com/Starry-OS/axstarry.git#a60752d10eb805a820436b86c429d621a95384ce"
dependencies = [
 "arch_boot",
 "axfeat",
 "axfs",
 "axlog",
 "linux_syscall_api",
]

[[package]]
name = "axstd"
version = "0.1.0"
source = "git+https://github.com/Starry-OS/axstd.git#0b0595b3f24a68009a47d120e5991b89a6c9f2d3"
dependencies = [
 "arceos_api",
 "arch_boot",
 "axerrno",
 "axfeat",
 "axio",
 "spinlock",
]

[[package]]
name = "axsync"
version = "0.1.0"
source = "git+https://github.com/Starry-OS/axsync.git#70651a7c8e918e6f6aced3014acfd16f209aa4c0"
dependencies = [
 "axhal",
 "axtask",
 "cfg-if",
 "spinlock",
]

[[package]]
name = "axtask"
version = "0.1.0"
source = "git+https://github.com/Starry-OS/axtask.git#4ae6b15a574b5351ac3843d6ef97843164298341"
dependencies = [
 "axconfig",
 "axhal",
 "axlog",
 "axsignal",
 "cfg-if",
 "kernel_guard 0.1.0",
 "lazy_init",
 "linked_list",
 "log",
 "memory_addr",
 "numeric-enum-macro",
 "percpu",
 "scheduler",
 "spinlock",
 "taskctx",
 "timer_list",
]

[[package]]
name = "axtrap"
version = "0.1.0"
source = "git+https://github.com/Starry-OS/axtrap.git#f2529e64355db2c4df9561fd6603bf9eb9325cc4"
dependencies = [
 "aarch64-cpu",
 "axhal",
 "axlog",
 "axtask",
 "cfg-if",
 "handler_table",
 "kernel_guard 0.1.0",
 "lazy_init",
 "linux_syscall_api",
 "log",
 "percpu",
 "riscv 0.10.1",
 "tock-registers 0.8.1",
 "x86",
 "x86_64 0.15.1",
]

[[package]]
name = "az"
version = "1.2.1"
source = "registry+https://github.com/rust-lang/crates.io-index"
checksum = "7b7e4c2464d97fe331d41de9d5db0def0a96f4d823b8b32a2efd503578988973"

[[package]]
name = "base64"
version = "0.13.1"
source = "registry+https://github.com/rust-lang/crates.io-index"
checksum = "9e1b586273c5702936fe7b7d6896644d8be71e6314cfe09d3167c95f712589e8"

[[package]]
name = "bcm2835-sdhci"
version = "0.1.0"
source = "git+https://github.com/lhw2002426/bcm2835-sdhci.git?rev=e974f16#e974f168efa72b470a01f61bdef32240c66f54fc"
dependencies = [
 "aarch64-cpu",
 "log",
 "tock-registers 0.8.1",
 "volatile 0.2.7",
]

[[package]]
name = "bindgen"
version = "0.69.4"
source = "registry+https://github.com/rust-lang/crates.io-index"
checksum = "a00dc851838a2120612785d195287475a3ac45514741da670b735818822129a0"
dependencies = [
 "bitflags 2.6.0",
 "cexpr",
 "clang-sys",
 "itertools",
 "lazy_static",
 "lazycell",
 "log",
 "prettyplease",
 "proc-macro2",
 "quote",
 "regex",
 "rustc-hash",
 "shlex",
 "syn 2.0.72",
 "which",
]

[[package]]
name = "bit"
version = "0.1.1"
source = "registry+https://github.com/rust-lang/crates.io-index"
checksum = "2b645c5c09a7d4035949cfce1a915785aaad6f17800c35fda8a8c311c491f284"

[[package]]
name = "bit_field"
version = "0.10.2"
source = "registry+https://github.com/rust-lang/crates.io-index"
checksum = "dc827186963e592360843fb5ba4b973e145841266c1357f7180c43526f2e5b61"

[[package]]
name = "bitflags"
version = "1.3.2"
source = "registry+https://github.com/rust-lang/crates.io-index"
checksum = "bef38d45163c2f1dde094a7dfd33ccf595c92905c8f8f4fdc18d06fb1037718a"

[[package]]
name = "bitflags"
version = "2.6.0"
source = "registry+https://github.com/rust-lang/crates.io-index"
checksum = "b048fb63fd8b5923fc5aa7b340d8e156aec7ec02f0c78fa8a6ddc2613f6f71de"

[[package]]
name = "bitmap-allocator"
version = "0.1.0"
source = "git+https://github.com/rcore-os/bitmap-allocator.git?rev=88e871a#88e871a54f28a3d6795478f237466b3332e2fb1d"
dependencies = [
 "bit_field",
]

[[package]]
name = "bitmaps"
version = "3.2.1"
source = "registry+https://github.com/rust-lang/crates.io-index"
checksum = "a1d084b0137aaa901caf9f1e8b21daa6aa24d41cd806e111335541eff9683bd6"

[[package]]
name = "byteorder"
version = "1.5.0"
source = "registry+https://github.com/rust-lang/crates.io-index"
checksum = "1fd0f2584146f6f2ef48085050886acf353beff7305ebd1ae69500e27c67f64b"

[[package]]
name = "capability"
version = "0.1.0"
source = "git+https://github.com/Starry-OS/capability.git#2c0f89a990f0c1912adb245532bd728ebc48f77d"
dependencies = [
 "axerrno",
 "bitflags 2.6.0",
]

[[package]]
name = "cexpr"
version = "0.6.0"
source = "registry+https://github.com/rust-lang/crates.io-index"
checksum = "6fac387a98bb7c37292057cffc56d62ecb629900026402633ae9160df93a8766"
dependencies = [
 "nom",
]

[[package]]
name = "cfg-if"
version = "1.0.0"
source = "registry+https://github.com/rust-lang/crates.io-index"
checksum = "baf1de4339761588bc0619e3cbc0120ee582ebb74b53b4efbf79117bd2da40fd"

[[package]]
name = "clang-sys"
version = "1.8.1"
source = "registry+https://github.com/rust-lang/crates.io-index"
checksum = "0b023947811758c97c59bf9d1c188fd619ad4718dcaa767947df1cadb14f39f4"
dependencies = [
 "glob",
 "libc",
 "libloading",
]

[[package]]
name = "const-default"
version = "1.0.0"
source = "registry+https://github.com/rust-lang/crates.io-index"
checksum = "0b396d1f76d455557e1218ec8066ae14bba60b4b36ecd55577ba979f5db7ecaa"

[[package]]
name = "core_detect"
version = "1.0.0"
source = "registry+https://github.com/rust-lang/crates.io-index"
checksum = "7f8f80099a98041a3d1622845c271458a2d73e688351bf3cb999266764b81d48"

[[package]]
name = "crate_interface"
version = "0.1.1"
source = "git+https://github.com/Starry-OS/crate_interface.git#d27dd9608dbf04b3138cf4386c19f939352b50b0"
dependencies = [
 "proc-macro2",
 "quote",
 "syn 2.0.72",
]

[[package]]
name = "crate_interface"
version = "0.1.3"
source = "registry+https://github.com/rust-lang/crates.io-index"
checksum = "6af24c4862260a825484470f5526a91ad1031e04ab899be62478241231f62b46"
dependencies = [
 "proc-macro2",
 "quote",
 "syn 2.0.72",
]

[[package]]
name = "critical-section"
version = "1.1.2"
source = "registry+https://github.com/rust-lang/crates.io-index"
checksum = "7059fff8937831a9ae6f0fe4d658ffabf58f2ca96aa9dec1c889f936f705f216"

[[package]]
name = "defmt"
version = "0.3.8"
source = "registry+https://github.com/rust-lang/crates.io-index"
checksum = "a99dd22262668b887121d4672af5a64b238f026099f1a2a1b322066c9ecfe9e0"
dependencies = [
 "bitflags 1.3.2",
 "defmt-macros",
]

[[package]]
name = "defmt-macros"
version = "0.3.9"
source = "registry+https://github.com/rust-lang/crates.io-index"
checksum = "e3a9f309eff1f79b3ebdf252954d90ae440599c26c2c553fe87a2d17195f2dcb"
dependencies = [
 "defmt-parser",
 "proc-macro-error",
 "proc-macro2",
 "quote",
 "syn 2.0.72",
]

[[package]]
name = "defmt-parser"
version = "0.3.4"
source = "registry+https://github.com/rust-lang/crates.io-index"
checksum = "ff4a5fefe330e8d7f31b16a318f9ce81000d8e35e69b93eae154d16d2278f70f"
dependencies = [
 "thiserror",
]

[[package]]
name = "driver_block"
version = "0.1.0"
source = "git+https://github.com/Starry-OS/driver_block.git#47e771d7d312ad7090d452a0ac95e1d617f13aca"
dependencies = [
 "bcm2835-sdhci",
 "driver_common",
 "log",
]

[[package]]
name = "driver_common"
version = "0.1.0"
source = "git+https://github.com/Starry-OS/driver_common.git#6f1d6712cf4446e35940eb3b6cf8e29429570eab"

[[package]]
name = "driver_display"
version = "0.1.0"
source = "git+https://github.com/Starry-OS/driver_display.git#61125d7b333c920a44950c1adc269579ff812633"
dependencies = [
 "driver_common",
]

[[package]]
name = "driver_net"
version = "0.1.0"
source = "git+https://github.com/Starry-OS/driver_net.git#5d16bf2fe6eae2aa3b7d4f929162c07d949a6955"
dependencies = [
 "driver_common",
 "ixgbe-driver",
 "log",
 "spin",
]

[[package]]
name = "driver_pci"
version = "0.1.0"
source = "git+https://github.com/Starry-OS/driver_pci.git#ea1078c9fb5ad6e8277a620de377f6bfc2954438"
dependencies = [
 "virtio-drivers",
]

[[package]]
name = "driver_virtio"
version = "0.1.0"
source = "git+https://github.com/Starry-OS/driver_virtio.git#a223bf1e04338389cc73878eeb952671a3ea5a2f"
dependencies = [
 "driver_block",
 "driver_common",
 "driver_display",
 "driver_net",
 "virtio-drivers",
]

[[package]]
name = "dw_apb_uart"
version = "0.1.0"
source = "git+https://github.com/Starry-OS/dw_apb_uart.git#15d6fb0fe127794598565f2a1188c9dc864ec110"
dependencies = [
 "tock-registers 0.8.1",
]

[[package]]
name = "e1000-driver"
version = "0.2.3"
source = "git+https://gitee.com/zr233/e1000-rust.git?tag=v0.2.5#f84666a35c573e22578c55f705e03ea20f2b0afe"
dependencies = [
 "log",
 "volatile 0.6.1",
]

[[package]]
name = "either"
version = "1.13.0"
source = "registry+https://github.com/rust-lang/crates.io-index"
checksum = "60b1af1c220855b6ceac025d3f6ecdd2b7c4894bfe9cd9bda4fbb4bc7c0d4cf0"

[[package]]
name = "elf_parser"
version = "0.1.0"
source = "git+https://github.com/Starry-OS/elf_parser.git#061cec5c6fdcab5deeca938fc2f6966e07c9aa37"
dependencies = [
 "axerrno",
 "cfg-if",
 "log",
 "memory_addr",
 "page_table_entry",
 "xmas-elf",
]

[[package]]
name = "embedded-graphics"
version = "0.8.1"
source = "registry+https://github.com/rust-lang/crates.io-index"
checksum = "0649998afacf6d575d126d83e68b78c0ab0e00ca2ac7e9b3db11b4cbe8274ef0"
dependencies = [
 "az",
 "byteorder",
 "embedded-graphics-core",
 "float-cmp",
 "micromath",
]

[[package]]
name = "embedded-graphics-core"
version = "0.4.0"
source = "registry+https://github.com/rust-lang/crates.io-index"
checksum = "ba9ecd261f991856250d2207f6d8376946cd9f412a2165d3b75bc87a0bc7a044"
dependencies = [
 "az",
 "byteorder",
]

[[package]]
name = "embedded-hal"
version = "0.2.7"
source = "registry+https://github.com/rust-lang/crates.io-index"
checksum = "35949884794ad573cf46071e41c9b60efb0cb311e3ca01f7af807af1debc66ff"
dependencies = [
 "nb 0.1.3",
 "void",
]

[[package]]
name = "embedded-hal"
version = "1.0.0"
source = "registry+https://github.com/rust-lang/crates.io-index"
checksum = "361a90feb7004eca4019fb28352a9465666b24f840f5c3cddf0ff13920590b89"

[[package]]
name = "enumn"
version = "0.1.14"
source = "registry+https://github.com/rust-lang/crates.io-index"
checksum = "2f9ed6b3789237c8a0c1c505af1c7eb2c560df6186f01b098c3a1064ea532f38"
dependencies = [
 "proc-macro2",
 "quote",
 "syn 2.0.72",
]

[[package]]
name = "equivalent"
version = "1.0.1"
source = "registry+https://github.com/rust-lang/crates.io-index"
checksum = "5443807d6dff69373d433ab9ef5378ad8df50ca6298caf15de6e52e24aaf54d5"

[[package]]
name = "errno"
version = "0.3.9"
source = "registry+https://github.com/rust-lang/crates.io-index"
checksum = "534c5cf6194dfab3db3242765c03bbe257cf92f22b38f6bc0c58d59108a820ba"
dependencies = [
 "libc",
 "windows-sys",
]

[[package]]
name = "fatfs"
version = "0.4.0"
source = "git+https://github.com/rafalh/rust-fatfs?rev=85f06e0#85f06e08edbd3368e1b0562f2fc1b6d178bf7b8a"
dependencies = [
 "bitflags 2.6.0",
 "log",
]

[[package]]
name = "fdt"
version = "0.1.5"
source = "registry+https://github.com/rust-lang/crates.io-index"
checksum = "784a4df722dc6267a04af36895398f59d21d07dce47232adf31ec0ff2fa45e67"

[[package]]
name = "flatten_objects"
version = "0.1.0"
source = "git+https://github.com/Starry-OS/flatten_objects.git#ac43d74f664fe686920c7cfb9aec4732ac87614b"
dependencies = [
 "bitmaps",
]

[[package]]
name = "float-cmp"
version = "0.9.0"
source = "registry+https://github.com/rust-lang/crates.io-index"
checksum = "98de4bbd547a563b716d8dfa9aad1cb19bfab00f4fa09a6a4ed21dbcf44ce9c4"
dependencies = [
 "num-traits",
]

[[package]]
name = "getrandom"
version = "0.2.15"
source = "registry+https://github.com/rust-lang/crates.io-index"
checksum = "c4567c8db10ae91089c99af84c68c38da3ec2f087c3f82960bcdbf3656b6f4d7"
dependencies = [
 "cfg-if",
 "libc",
 "wasi",
]

[[package]]
name = "glob"
version = "0.3.1"
source = "registry+https://github.com/rust-lang/crates.io-index"
checksum = "d2fabcfbdc87f4758337ca535fb41a6d701b65693ce38287d856d1674551ec9b"

[[package]]
name = "handler_table"
version = "0.1.0"
source = "git+https://github.com/Starry-OS/handler_table.git#d6495e7d835cbc999874f0ecf466ee1211447a79"

[[package]]
name = "hash32"
version = "0.2.1"
source = "registry+https://github.com/rust-lang/crates.io-index"
checksum = "b0c35f58762feb77d74ebe43bdbc3210f09be9fe6742234d573bacc26ed92b67"
dependencies = [
 "byteorder",
]

[[package]]
name = "hash32"
version = "0.3.1"
source = "registry+https://github.com/rust-lang/crates.io-index"
checksum = "47d60b12902ba28e2730cd37e95b8c9223af2808df9e902d4df49588d1470606"
dependencies = [
 "byteorder",
]

[[package]]
name = "hashbrown"
version = "0.11.2"
source = "registry+https://github.com/rust-lang/crates.io-index"
checksum = "ab5ef0d4909ef3724cc8cce6ccc8572c5c817592e9285f5464f8e86f8bd3726e"
dependencies = [
 "ahash",
]

[[package]]
name = "hashbrown"
version = "0.14.5"
source = "registry+https://github.com/rust-lang/crates.io-index"
checksum = "e5274423e17b7c9fc20b6e7e208532f9b19825d82dfd615708b70edd83df41f1"

[[package]]
name = "heapless"
version = "0.7.17"
source = "registry+https://github.com/rust-lang/crates.io-index"
checksum = "cdc6457c0eb62c71aac4bc17216026d8410337c4126773b9c5daba343f17964f"
dependencies = [
 "atomic-polyfill",
 "hash32 0.2.1",
 "rustc_version",
 "spin",
 "stable_deref_trait",
]

[[package]]
name = "heapless"
version = "0.8.0"
source = "registry+https://github.com/rust-lang/crates.io-index"
checksum = "0bfb9eb618601c89945a70e254898da93b13be0388091d42117462b265bb3fad"
dependencies = [
 "hash32 0.3.1",
 "stable_deref_trait",
]

[[package]]
name = "home"
version = "0.5.9"
source = "registry+https://github.com/rust-lang/crates.io-index"
checksum = "e3d1354bf6b7235cb4a0576c2619fd4ed18183f689b12b006a0ee7329eeff9a5"
dependencies = [
 "windows-sys",
]

[[package]]
name = "indexmap"
version = "2.2.6"
source = "registry+https://github.com/rust-lang/crates.io-index"
checksum = "168fb715dda47215e360912c096649d23d58bf392ac62f73919e831745e40f26"
dependencies = [
 "equivalent",
 "hashbrown 0.14.5",
]

[[package]]
name = "itertools"
version = "0.12.1"
source = "registry+https://github.com/rust-lang/crates.io-index"
checksum = "ba291022dbbd398a455acf126c1e341954079855bc60dfdda641363bd6922569"
dependencies = [
 "either",
]

[[package]]
name = "ixgbe-driver"
version = "0.1.0"
source = "git+https://github.com/KuangjuX/ixgbe-driver.git?rev=8e5eb74#8e5eb741299d7d95c373ec745e39a1473fe84563"
dependencies = [
 "bit_field",
 "core_detect",
 "log",
 "smoltcp 0.10.0",
 "volatile 0.3.0",
]

[[package]]
name = "kernel_guard"
version = "0.1.0"
source = "git+https://github.com/Starry-OS/kernel_guard.git#72e006721a017db12ce7731fe30f56a83f330216"
dependencies = [
 "cfg-if",
 "taskctx",
]

[[package]]
name = "kernel_guard"
version = "0.1.1"
source = "registry+https://github.com/rust-lang/crates.io-index"
checksum = "36172feaa47f9967efd3bc5fc77462899286e821de3de68c5fe88176a24d3a1f"
dependencies = [
 "cfg-if",
 "crate_interface 0.1.3",
]

[[package]]
name = "kspin"
version = "0.1.0"
source = "registry+https://github.com/rust-lang/crates.io-index"
checksum = "51954c939251c5899b6e953aa0ed8903c5c0d1140fc7ce3a8fd60c931d694f6e"
dependencies = [
 "cfg-if",
 "kernel_guard 0.1.1",
]

[[package]]
name = "lazy_init"
version = "0.1.0"
source = "git+https://github.com/Starry-OS/lazy_init.git#d0e87c05b715063cc517de50ad5da15b13281def"

[[package]]
name = "lazy_static"
version = "1.5.0"
source = "registry+https://github.com/rust-lang/crates.io-index"
checksum = "bbd2bcb4c963f2ddae06a2efc7e9f3591312473c50c6685e1f298068316e66fe"
dependencies = [
 "spin",
]

[[package]]
name = "lazycell"
version = "1.3.0"
source = "registry+https://github.com/rust-lang/crates.io-index"
checksum = "830d08ce1d1d941e6b30645f1a0eb5643013d835ce3779a5fc208261dbe10f55"

[[package]]
name = "libc"
version = "0.2.155"
source = "registry+https://github.com/rust-lang/crates.io-index"
checksum = "97b3888a4aecf77e811145cadf6eef5901f4782c53886191b2f693f24761847c"

[[package]]
name = "libloading"
version = "0.8.5"
source = "registry+https://github.com/rust-lang/crates.io-index"
checksum = "4979f22fdb869068da03c9f7528f8297c6fd2606bc3a4affe42e6a823fdb8da4"
dependencies = [
 "cfg-if",
 "windows-targets",
]

[[package]]
name = "linked_list"
version = "0.1.0"
source = "git+https://github.com/Starry-OS/linked_list.git#01ec54f275fda4ece9741f10d281550c077c0312"

[[package]]
name = "linux-raw-sys"
version = "0.4.14"
source = "registry+https://github.com/rust-lang/crates.io-index"
checksum = "78b3ae25bc7c8c38cec158d1f2757ee79e9b3740fbc7ccf0e59e4b08d793fa89"

[[package]]
name = "linux_syscall_api"
version = "0.1.0"
source = "git+https://github.com/Starry-OS/linux_syscall_api.git#bc828f3316e6b4560f5e79602b679c7d9d31d5ff"
dependencies = [
 "axconfig",
 "axerrno",
 "axfeat",
 "axfs",
 "axfutex",
 "axhal",
 "axlog",
 "axmem",
 "axnet",
 "axprocess",
 "axruntime",
 "axsignal",
 "axsync",
 "axtask",
 "bitflags 2.6.0",
 "cfg-if",
 "lazy_init",
 "num_enum",
 "numeric-enum-macro",
 "rand",
 "spinlock",
]

[[package]]
name = "lock_api"
version = "0.4.12"
source = "registry+https://github.com/rust-lang/crates.io-index"
checksum = "07af8b9cdd281b7915f413fa73f29ebd5d55d0d3f0155584dade1ff18cea1b17"
dependencies = [
 "autocfg",
 "scopeguard",
]

[[package]]
name = "log"
version = "0.4.22"
source = "registry+https://github.com/rust-lang/crates.io-index"
checksum = "a7a70ba024b9dc04c27ea2f0c0548feb474ec5c54bba33a7f72f873a39d07b24"

[[package]]
name = "managed"
version = "0.8.0"
source = "registry+https://github.com/rust-lang/crates.io-index"
checksum = "0ca88d725a0a943b096803bd34e73a4437208b6077654cc4ecb2947a5f91618d"

[[package]]
name = "memchr"
version = "2.7.4"
source = "registry+https://github.com/rust-lang/crates.io-index"
checksum = "78ca9ab1a0babb1e7d5695e3530886289c18cf2f87ec19a575a0abdce112e3a3"

[[package]]
name = "memory_addr"
version = "0.1.0"
source = "git+https://github.com/Starry-OS/memory_addr.git#a5be547a3109f114994d005b893f9b19c2616709"

[[package]]
name = "micromath"
version = "2.1.0"
source = "registry+https://github.com/rust-lang/crates.io-index"
checksum = "c3c8dda44ff03a2f238717214da50f65d5a53b45cd213a7370424ffdb6fae815"

[[package]]
name = "minimal-lexical"
version = "0.2.1"
source = "registry+https://github.com/rust-lang/crates.io-index"
checksum = "68354c5c6bd36d73ff3feceb05efa59b6acb7626617f4962be322a825e61f79a"

[[package]]
name = "monolithic_userboot"
version = "0.1.0"
dependencies = [
 "axstarry",
]

[[package]]
name = "nb"
version = "0.1.3"
source = "registry+https://github.com/rust-lang/crates.io-index"
checksum = "801d31da0513b6ec5214e9bf433a77966320625a37860f910be265be6e18d06f"
dependencies = [
 "nb 1.1.0",
]

[[package]]
name = "nb"
version = "1.1.0"
source = "registry+https://github.com/rust-lang/crates.io-index"
checksum = "8d5439c4ad607c3c23abf66de8c8bf57ba8adcd1f129e699851a6e43935d339d"

[[package]]
name = "nom"
version = "7.1.3"
source = "registry+https://github.com/rust-lang/crates.io-index"
checksum = "d273983c5a657a70a3e8f2a01329822f3b8c8172b73826411a55751e404a0a4a"
dependencies = [
 "memchr",
 "minimal-lexical",
]

[[package]]
name = "num-traits"
version = "0.2.19"
source = "registry+https://github.com/rust-lang/crates.io-index"
checksum = "071dfc062690e90b734c0b2273ce72ad0ffa95f0c74596bc250dcfd960262841"
dependencies = [
 "autocfg",
]

[[package]]
name = "num_enum"
version = "0.5.11"
source = "registry+https://github.com/rust-lang/crates.io-index"
checksum = "1f646caf906c20226733ed5b1374287eb97e3c2a5c227ce668c1f2ce20ae57c9"
dependencies = [
 "num_enum_derive",
]

[[package]]
name = "num_enum_derive"
version = "0.5.11"
source = "registry+https://github.com/rust-lang/crates.io-index"
checksum = "dcbff9bc912032c62bf65ef1d5aea88983b420f4f839db1e9b0c281a25c9c799"
dependencies = [
 "proc-macro2",
 "quote",
 "syn 1.0.109",
]

[[package]]
name = "numeric-enum-macro"
version = "0.2.0"
source = "git+https://github.com/mexus/numeric-enum-macro#20aef288b2ecd2381ab6627c2a6c9e0436d8c8ff"

[[package]]
name = "of"
version = "0.1.0"
source = "git+https://github.com/Starry-OS/of.git#f54b1eeb959605978aa3cdccb014be7ddeba5bb8"
dependencies = [
 "fdt",
 "lazy_static",
]

[[package]]
name = "once_cell"
version = "1.19.0"
source = "registry+https://github.com/rust-lang/crates.io-index"
checksum = "3fdb12b2476b595f9358c5161aa467c2438859caa136dec86c26fdd2efe17b92"

[[package]]
name = "page_table"
version = "0.1.0"
source = "git+https://github.com/Starry-OS/page_table.git#f183d542685a63faed1ae85f42a3514d501d77f8"
dependencies = [
 "log",
 "memory_addr",
 "page_table_entry",
]

[[package]]
name = "page_table_entry"
version = "0.1.0"
source = "git+https://github.com/Starry-OS/page_table_entry.git#8a871b43e07dd3b6da5512528566686e6bc949a9"
dependencies = [
 "aarch64-cpu",
 "bitflags 2.6.0",
 "memory_addr",
 "x86_64 0.15.1",
]

[[package]]
name = "paste"
version = "1.0.15"
source = "registry+https://github.com/rust-lang/crates.io-index"
checksum = "57c0d7b74b563b49d38dae00a0c37d4d6de9b432382b2892f0574ddcae73fd0a"

[[package]]
name = "pci_types"
version = "0.10.0"
source = "git+https://github.com/ZR233/pci_types.git?branch=set_bus#bd81923619d9a8aecbd52efb96266ff9765cc23e"
dependencies = [
 "bit_field",
 "bitflags 2.6.0",
]

[[package]]
name = "pcie"
version = "0.1.0"
source = "git+https://gitee.com/zr233/pcie#6a04a2388b8d5afe819d231806f55a429fac0b0b"
dependencies = [
 "bit_field",
 "embedded-hal 1.0.0",
 "log",
 "pci_types",
 "tock-registers 0.9.0",
 "volatile 0.6.1",
]

[[package]]
name = "percpu"
version = "0.1.0"
source = "git+https://github.com/Starry-OS/percpu.git#85e6d8a74f19ac54004e64d42cda07d14042e3ee"
dependencies = [
 "cfg-if",
 "kernel_guard 0.1.0",
 "percpu_macros",
 "spin",
 "x86",
]

[[package]]
name = "percpu_macros"
version = "0.1.0"
source = "git+https://github.com/Starry-OS/percpu_macros.git#b785b814c5489ac7043d80ea4b5a735b23ec2321"
dependencies = [
 "proc-macro2",
 "quote",
 "syn 2.0.72",
]

[[package]]
name = "prettyplease"
version = "0.2.20"
source = "registry+https://github.com/rust-lang/crates.io-index"
checksum = "5f12335488a2f3b0a83b14edad48dca9879ce89b2edd10e80237e4e852dd645e"
dependencies = [
 "proc-macro2",
 "syn 2.0.72",
]

[[package]]
name = "proc-macro-error"
version = "1.0.4"
source = "registry+https://github.com/rust-lang/crates.io-index"
checksum = "da25490ff9892aab3fcf7c36f08cfb902dd3e71ca0f9f9517bea02a73a5ce38c"
dependencies = [
 "proc-macro-error-attr",
 "proc-macro2",
 "quote",
 "syn 1.0.109",
 "version_check",
]

[[package]]
name = "proc-macro-error-attr"
version = "1.0.4"
source = "registry+https://github.com/rust-lang/crates.io-index"
checksum = "a1be40180e52ecc98ad80b184934baf3d0d29f979574e439af5a55274b35f869"
dependencies = [
 "proc-macro2",
 "quote",
 "version_check",
]

[[package]]
name = "proc-macro2"
version = "1.0.86"
source = "registry+https://github.com/rust-lang/crates.io-index"
checksum = "5e719e8df665df0d1c8fbfd238015744736151d4445ec0836b8e628aae103b77"
dependencies = [
 "unicode-ident",
]

[[package]]
name = "quote"
version = "1.0.36"
source = "registry+https://github.com/rust-lang/crates.io-index"
checksum = "0fa76aaf39101c457836aec0ce2316dbdc3ab723cdda1c6bd4e6ad4208acaca7"
dependencies = [
 "proc-macro2",
]

[[package]]
name = "rand"
version = "0.8.5"
source = "registry+https://github.com/rust-lang/crates.io-index"
checksum = "34af8d1a0e25924bc5b7c43c079c942339d8f0a8b57c39049bef581b46327404"
dependencies = [
 "rand_core",
]

[[package]]
name = "rand_core"
version = "0.6.4"
source = "registry+https://github.com/rust-lang/crates.io-index"
checksum = "ec0be4795e2f6a28069bec0b5ff3e2ac9bafc99e6a9a7dc3547996c5c816922c"

[[package]]
name = "ratio"
version = "0.1.0"
source = "git+https://github.com/Starry-OS/ratio.git#0c8da4c37e695a0052563f0d30909c9f29b5b572"

[[package]]
name = "raw-cpuid"
version = "10.7.0"
source = "registry+https://github.com/rust-lang/crates.io-index"
checksum = "6c297679cb867470fa8c9f67dbba74a78d78e3e98d7cf2b08d6d71540f797332"
dependencies = [
 "bitflags 1.3.2",
]

[[package]]
name = "raw-cpuid"
version = "11.1.0"
source = "registry+https://github.com/rust-lang/crates.io-index"
checksum = "cb9ee317cfe3fbd54b36a511efc1edd42e216903c9cd575e686dd68a2ba90d8d"
dependencies = [
 "bitflags 2.6.0",
]

[[package]]
name = "regex"
version = "1.10.5"
source = "registry+https://github.com/rust-lang/crates.io-index"
checksum = "b91213439dad192326a0d7c6ee3955910425f441d7038e0d6933b0aec5c4517f"
dependencies = [
 "aho-corasick",
 "memchr",
 "regex-automata",
 "regex-syntax",
]

[[package]]
name = "regex-automata"
version = "0.4.7"
source = "registry+https://github.com/rust-lang/crates.io-index"
checksum = "38caf58cc5ef2fed281f89292ef23f6365465ed9a41b7a7754eb4e26496c92df"
dependencies = [
 "aho-corasick",
 "memchr",
 "regex-syntax",
]

[[package]]
name = "regex-syntax"
version = "0.8.4"
source = "registry+https://github.com/rust-lang/crates.io-index"
checksum = "7a66a03ae7c801facd77a29370b4faec201768915ac14a721ba36f20bc9c209b"

[[package]]
name = "riscv"
version = "0.10.1"
source = "registry+https://github.com/rust-lang/crates.io-index"
checksum = "aa3145d2fae3778b1e31ec2e827b228bdc6abd9b74bb5705ba46dcb82069bc4f"
dependencies = [
 "bit_field",
 "critical-section",
 "embedded-hal 0.2.7",
]

[[package]]
name = "riscv"
version = "0.11.1"
source = "registry+https://github.com/rust-lang/crates.io-index"
checksum = "2f5c1b8bf41ea746266cdee443d1d1e9125c86ce1447e1a2615abd34330d33a9"
dependencies = [
 "critical-section",
 "embedded-hal 1.0.0",
]

[[package]]
name = "rlsf"
version = "0.2.1"
source = "registry+https://github.com/rust-lang/crates.io-index"
checksum = "222fb240c3286247ecdee6fa5341e7cdad0ffdf8e7e401d9937f2d58482a20bf"
dependencies = [
 "cfg-if",
 "const-default",
 "libc",
 "svgbobdoc",
]

[[package]]
name = "rustc-hash"
version = "1.1.0"
source = "registry+https://github.com/rust-lang/crates.io-index"
checksum = "08d43f7aa6b08d49f382cde6a7982047c3426db949b1424bc4b7ec9ae12c6ce2"

[[package]]
name = "rustc_version"
version = "0.4.1"
source = "registry+https://github.com/rust-lang/crates.io-index"
checksum = "cfcb3a22ef46e85b45de6ee7e79d063319ebb6594faafcf1c225ea92ab6e9b92"
dependencies = [
 "semver",
]

[[package]]
name = "rustix"
version = "0.38.34"
source = "registry+https://github.com/rust-lang/crates.io-index"
checksum = "70dc5ec042f7a43c4a73241207cecc9873a06d45debb38b329f8541d85c2730f"
dependencies = [
 "bitflags 2.6.0",
 "errno",
 "libc",
 "linux-raw-sys",
 "windows-sys",
]

[[package]]
name = "rustversion"
version = "1.0.17"
source = "registry+https://github.com/rust-lang/crates.io-index"
checksum = "955d28af4278de8121b7ebeb796b6a45735dc01436d898801014aced2773a3d6"

[[package]]
name = "sbi-rt"
version = "0.0.2"
source = "registry+https://github.com/rust-lang/crates.io-index"
checksum = "8c113c53291db8ac141e01f43224ed488b8d6001ab66737b82e04695a43a42b7"
dependencies = [
 "sbi-spec 0.0.4",
]

[[package]]
name = "sbi-rt"
version = "0.0.3"
source = "registry+https://github.com/rust-lang/crates.io-index"
checksum = "7fbaa69be1eedc61c426e6d489b2260482e928b465360576900d52d496a58bd0"
dependencies = [
 "sbi-spec 0.0.7",
]

[[package]]
name = "sbi-spec"
version = "0.0.4"
source = "registry+https://github.com/rust-lang/crates.io-index"
checksum = "6d4027cf9bb591a9fd0fc0e283be6165c5abe96cb73e9f0e24738c227f425377"
dependencies = [
 "static_assertions",
]

[[package]]
name = "sbi-spec"
version = "0.0.7"
source = "registry+https://github.com/rust-lang/crates.io-index"
checksum = "e6e36312fb5ddc10d08ecdc65187402baba4ac34585cb9d1b78522ae2358d890"

[[package]]
name = "scheduler"
version = "0.1.0"
source = "git+https://github.com/Starry-OS/scheduler.git#036a029933b2cf4c030ef7ce10a11a786c53cd42"
dependencies = [
 "linked_list",
]

[[package]]
name = "scopeguard"
version = "1.2.0"
source = "registry+https://github.com/rust-lang/crates.io-index"
checksum = "94143f37725109f92c262ed2cf5e59bce7498c01bcc1502d7b9afe439a4e9f49"

[[package]]
name = "semver"
version = "1.0.23"
source = "registry+https://github.com/rust-lang/crates.io-index"
checksum = "61697e0a1c7e512e84a621326239844a24d8207b4669b41bc18b32ea5cbf988b"

[[package]]
name = "serde"
version = "1.0.204"
source = "registry+https://github.com/rust-lang/crates.io-index"
checksum = "bc76f558e0cbb2a839d37354c575f1dc3fdc6546b5be373ba43d95f231bf7c12"
dependencies = [
 "serde_derive",
]

[[package]]
name = "serde_derive"
version = "1.0.204"
source = "registry+https://github.com/rust-lang/crates.io-index"
checksum = "e0cd7e117be63d3c3678776753929474f3b04a43a080c744d6b0ae2a8c28e222"
dependencies = [
 "proc-macro2",
 "quote",
 "syn 2.0.72",
]

[[package]]
name = "shlex"
version = "1.3.0"
source = "registry+https://github.com/rust-lang/crates.io-index"
checksum = "0fda2ff0d084019ba4d7c6f371c95d8fd75ce3524c3cb8fb653a3023f6323e64"

[[package]]
name = "smoltcp"
version = "0.10.0"
source = "git+https://github.com/rcore-os/smoltcp.git?rev=2ade274#2ade2747abc4d779d0836154b0413d13ce16cd5b"
dependencies = [
 "bitflags 1.3.2",
 "byteorder",
 "cfg-if",
 "defmt",
 "heapless 0.7.17",
 "log",
 "managed",
]

[[package]]
name = "smoltcp"
version = "0.11.0"
source = "git+https://github.com/rcore-os/smoltcp.git?rev=b7134a3#b7134a31442db149c2398b27f95a5d2b54414a4d"
dependencies = [
 "bitflags 1.3.2",
 "byteorder",
 "cfg-if",
 "defmt",
 "heapless 0.8.0",
 "log",
 "managed",
]

[[package]]
name = "spin"
version = "0.9.8"
source = "registry+https://github.com/rust-lang/crates.io-index"
checksum = "6980e8d7511241f8acf4aebddbb1ff938df5eebe98691418c4468d0b72a96a67"
dependencies = [
 "lock_api",
]

[[package]]
name = "spinlock"
version = "0.1.0"
source = "git+https://github.com/Starry-OS/spinlock.git#0149e52d3e4f21ea7bf9bb85f6fe7fc3702d4f1f"
dependencies = [
 "cfg-if",
 "kernel_guard 0.1.0",
]

[[package]]
name = "stable_deref_trait"
version = "1.2.0"
source = "registry+https://github.com/rust-lang/crates.io-index"
checksum = "a8f112729512f8e442d81f95a8a7ddf2b7c6b8a1a6f509a95864142b30cab2d3"

[[package]]
name = "static_assertions"
version = "1.1.0"
source = "registry+https://github.com/rust-lang/crates.io-index"
checksum = "a2eb9349b6444b326872e140eb1cf5e7c522154d69e7a0ffb0fb81c06b37543f"

[[package]]
name = "svgbobdoc"
version = "0.3.0"
source = "registry+https://github.com/rust-lang/crates.io-index"
checksum = "f2c04b93fc15d79b39c63218f15e3fdffaa4c227830686e3b7c5f41244eb3e50"
dependencies = [
 "base64",
 "proc-macro2",
 "quote",
 "syn 1.0.109",
 "unicode-width",
]

[[package]]
name = "syn"
version = "1.0.109"
source = "registry+https://github.com/rust-lang/crates.io-index"
checksum = "72b64191b275b66ffe2469e8af2c1cfe3bafa67b529ead792a6d0160888b4237"
dependencies = [
 "proc-macro2",
 "quote",
 "unicode-ident",
]

[[package]]
name = "syn"
version = "2.0.72"
source = "registry+https://github.com/rust-lang/crates.io-index"
checksum = "dc4b9b9bf2add8093d3f2c0204471e951b2285580335de42f9d2534f3ae7a8af"
dependencies = [
 "proc-macro2",
 "quote",
 "unicode-ident",
]

[[package]]
name = "taskctx"
version = "0.1.0"
source = "git+https://github.com/Starry-OS/taskctx.git#d7d646ca1f4cc2bd0466563b0563b2c321fb0929"
dependencies = [
 "aarch64-cpu",
 "cfg-if",
 "log",
 "memory_addr",
 "numeric-enum-macro",
 "static_assertions",
 "tock-registers 0.8.1",
 "x86",
]

[[package]]
name = "thiserror"
version = "1.0.63"
source = "registry+https://github.com/rust-lang/crates.io-index"
checksum = "c0342370b38b6a11b6cc11d6a805569958d54cfa061a29969c3b5ce2ea405724"
dependencies = [
 "thiserror-impl",
]

[[package]]
name = "thiserror-impl"
version = "1.0.63"
source = "registry+https://github.com/rust-lang/crates.io-index"
checksum = "a4558b58466b9ad7ca0f102865eccc95938dca1a74a856f2b57b6629050da261"
dependencies = [
 "proc-macro2",
 "quote",
 "syn 2.0.72",
]

[[package]]
name = "timer_list"
version = "0.1.0"
source = "git+https://github.com/Starry-OS/timer_list.git#1dc25aada896eaae1436bafceb1d31f13a59e491"

[[package]]
name = "tock-registers"
version = "0.8.1"
source = "registry+https://github.com/rust-lang/crates.io-index"
checksum = "696941a0aee7e276a165a978b37918fd5d22c55c3d6bda197813070ca9c0f21c"

[[package]]
name = "tock-registers"
version = "0.9.0"
source = "registry+https://github.com/rust-lang/crates.io-index"
checksum = "2b9e2fdb3a1e862c0661768b7ed25390811df1947a8acbfbefe09b47078d93c4"

[[package]]
name = "toml_datetime"
version = "0.6.8"
source = "registry+https://github.com/rust-lang/crates.io-index"
checksum = "0dd7358ecb8fc2f8d014bf86f6f638ce72ba252a2c3a2572f2a795f1d23efb41"

[[package]]
name = "toml_edit"
version = "0.22.18"
source = "registry+https://github.com/rust-lang/crates.io-index"
checksum = "1490595c74d930da779e944f5ba2ecdf538af67df1a9848cbd156af43c1b7cf0"
dependencies = [
 "indexmap",
 "toml_datetime",
 "winnow",
]

[[package]]
name = "unicode-ident"
version = "1.0.12"
source = "registry+https://github.com/rust-lang/crates.io-index"
checksum = "3354b9ac3fae1ff6755cb6db53683adb661634f67557942dea4facebec0fee4b"

[[package]]
name = "unicode-width"
version = "0.1.13"
source = "registry+https://github.com/rust-lang/crates.io-index"
checksum = "0336d538f7abc86d282a4189614dfaa90810dfc2c6f6427eaf88e16311dd225d"

[[package]]
name = "version_check"
version = "0.9.5"
source = "registry+https://github.com/rust-lang/crates.io-index"
checksum = "0b928f33d975fc6ad9f86c8f283853ad26bdd5b10b7f1542aa2fa15e2289105a"

[[package]]
name = "virtio-drivers"
version = "0.7.5"
source = "registry+https://github.com/rust-lang/crates.io-index"
checksum = "d6a39747311dabb3d37807037ed1c3c38d39f99198d091b5b79ecd5c8d82f799"
dependencies = [
 "bitflags 2.6.0",
 "enumn",
 "log",
 "zerocopy",
]

[[package]]
name = "void"
version = "1.0.2"
source = "registry+https://github.com/rust-lang/crates.io-index"
checksum = "6a02e4885ed3bc0f2de90ea6dd45ebcbb66dacffe03547fadbb0eeae2770887d"

[[package]]
name = "volatile"
version = "0.2.7"
source = "registry+https://github.com/rust-lang/crates.io-index"
checksum = "f6b06ad3ed06fef1713569d547cdbdb439eafed76341820fb0e0344f29a41945"

[[package]]
name = "volatile"
version = "0.3.0"
source = "registry+https://github.com/rust-lang/crates.io-index"
checksum = "f8e76fae08f03f96e166d2dfda232190638c10e0383841252416f9cfe2ae60e6"

[[package]]
name = "volatile"
version = "0.4.6"
source = "registry+https://github.com/rust-lang/crates.io-index"
checksum = "442887c63f2c839b346c192d047a7c87e73d0689c9157b00b53dcc27dd5ea793"

[[package]]
name = "volatile"
version = "0.6.1"
source = "registry+https://github.com/rust-lang/crates.io-index"
checksum = "af8ca9a5d4debca0633e697c88269395493cebf2e10db21ca2dbde37c1356452"

[[package]]
name = "wasi"
version = "0.11.0+wasi-snapshot-preview1"
source = "registry+https://github.com/rust-lang/crates.io-index"
checksum = "9c8d87e72b64a3b4db28d11ce29237c246188f4f51057d65a7eab63b7987e423"

[[package]]
name = "which"
version = "4.4.2"
source = "registry+https://github.com/rust-lang/crates.io-index"
checksum = "87ba24419a2078cd2b0f2ede2691b6c66d8e47836da3b6db8265ebad47afbfc7"
dependencies = [
 "either",
 "home",
 "once_cell",
 "rustix",
]

[[package]]
name = "windows-sys"
version = "0.52.0"
source = "registry+https://github.com/rust-lang/crates.io-index"
checksum = "282be5f36a8ce781fad8c8ae18fa3f9beff57ec1b52cb3de0789201425d9a33d"
dependencies = [
 "windows-targets",
]

[[package]]
name = "windows-targets"
version = "0.52.6"
source = "registry+https://github.com/rust-lang/crates.io-index"
checksum = "9b724f72796e036ab90c1021d4780d4d3d648aca59e491e6b98e725b84e99973"
dependencies = [
 "windows_aarch64_gnullvm",
 "windows_aarch64_msvc",
 "windows_i686_gnu",
 "windows_i686_gnullvm",
 "windows_i686_msvc",
 "windows_x86_64_gnu",
 "windows_x86_64_gnullvm",
 "windows_x86_64_msvc",
]

[[package]]
name = "windows_aarch64_gnullvm"
version = "0.52.6"
source = "registry+https://github.com/rust-lang/crates.io-index"
checksum = "32a4622180e7a0ec044bb555404c800bc9fd9ec262ec147edd5989ccd0c02cd3"

[[package]]
name = "windows_aarch64_msvc"
version = "0.52.6"
source = "registry+https://github.com/rust-lang/crates.io-index"
checksum = "09ec2a7bb152e2252b53fa7803150007879548bc709c039df7627cabbd05d469"

[[package]]
name = "windows_i686_gnu"
version = "0.52.6"
source = "registry+https://github.com/rust-lang/crates.io-index"
checksum = "8e9b5ad5ab802e97eb8e295ac6720e509ee4c243f69d781394014ebfe8bbfa0b"

[[package]]
name = "windows_i686_gnullvm"
version = "0.52.6"
source = "registry+https://github.com/rust-lang/crates.io-index"
checksum = "0eee52d38c090b3caa76c563b86c3a4bd71ef1a819287c19d586d7334ae8ed66"

[[package]]
name = "windows_i686_msvc"
version = "0.52.6"
source = "registry+https://github.com/rust-lang/crates.io-index"
checksum = "240948bc05c5e7c6dabba28bf89d89ffce3e303022809e73deaefe4f6ec56c66"

[[package]]
name = "windows_x86_64_gnu"
version = "0.52.6"
source = "registry+https://github.com/rust-lang/crates.io-index"
checksum = "147a5c80aabfbf0c7d901cb5895d1de30ef2907eb21fbbab29ca94c5b08b1a78"

[[package]]
name = "windows_x86_64_gnullvm"
version = "0.52.6"
source = "registry+https://github.com/rust-lang/crates.io-index"
checksum = "24d5b23dc417412679681396f2b49f3de8c1473deb516bd34410872eff51ed0d"

[[package]]
name = "windows_x86_64_msvc"
version = "0.52.6"
source = "registry+https://github.com/rust-lang/crates.io-index"
checksum = "589f6da84c646204747d1270a2a5661ea66ed1cced2631d546fdfb155959f9ec"

[[package]]
name = "winnow"
version = "0.6.16"
source = "registry+https://github.com/rust-lang/crates.io-index"
checksum = "b480ae9340fc261e6be3e95a1ba86d54ae3f9171132a73ce8d4bbaf68339507c"
dependencies = [
 "memchr",
]

[[package]]
name = "x2apic"
version = "0.4.3"
source = "registry+https://github.com/rust-lang/crates.io-index"
checksum = "cbcd582541cbb8ef1dfc24a3c849a64ff074b1b512af723ad90056558d424602"
dependencies = [
 "bit",
 "bitflags 1.3.2",
 "paste",
 "raw-cpuid 10.7.0",
 "x86_64 0.14.12",
]

[[package]]
name = "x86"
version = "0.52.0"
source = "registry+https://github.com/rust-lang/crates.io-index"
checksum = "2781db97787217ad2a2845c396a5efe286f87467a5810836db6d74926e94a385"
dependencies = [
 "bit_field",
 "bitflags 1.3.2",
 "raw-cpuid 10.7.0",
]

[[package]]
name = "x86_64"
version = "0.14.12"
source = "registry+https://github.com/rust-lang/crates.io-index"
checksum = "96cb6fd45bfeab6a5055c5bffdb08768bd0c069f1d946debe585bbb380a7c062"
dependencies = [
 "bit_field",
 "bitflags 2.6.0",
 "rustversion",
 "volatile 0.4.6",
]

[[package]]
name = "x86_64"
version = "0.15.1"
source = "registry+https://github.com/rust-lang/crates.io-index"
checksum = "4bc79523af8abf92fb1a970c3e086c5a343f6bcc1a0eb890f575cbb3b45743df"
dependencies = [
 "bit_field",
 "bitflags 2.6.0",
 "rustversion",
 "volatile 0.4.6",
]

[[package]]
name = "xmas-elf"
version = "0.9.1"
source = "registry+https://github.com/rust-lang/crates.io-index"
checksum = "42c49817e78342f7f30a181573d82ff55b88a35f86ccaf07fc64b3008f56d1c6"
dependencies = [
 "zero",
]

[[package]]
name = "zero"
version = "0.1.3"
source = "registry+https://github.com/rust-lang/crates.io-index"
checksum = "2fe21bcc34ca7fe6dd56cc2cb1261ea59d6b93620215aefb5ea6032265527784"

[[package]]
name = "zerocopy"
version = "0.7.35"
source = "registry+https://github.com/rust-lang/crates.io-index"
checksum = "1b9b4fd18abc82b8136838da5d50bae7bdea537c574d8dc1a34ed098d6c166f0"
dependencies = [
 "byteorder",
 "zerocopy-derive",
]

[[package]]
name = "zerocopy-derive"
version = "0.7.35"
source = "registry+https://github.com/rust-lang/crates.io-index"
checksum = "fa4f8080344d4671fb4e831a13ad1e68092748387dfc4f55e356242fae12ce3e"
dependencies = [
 "proc-macro2",
 "quote",
 "syn 2.0.72",
]

[[patch.unused]]
name = "axhal"
version = "0.1.0"
source = "git+https://github.com/Starry-OS/axhal.git?branch=support_intel_i219#9b2b06a77239f39639348a08cd69c11bc20cf859"

[[patch.unused]]
name = "arch_boot"
version = "0.1.0"
source = "git+https://github.com/Starry-OS/arch_boot.git?branch=support_intel_i219#99b266955ff46d291345268b49f69cf44cd8debe"
